// !$*UTF8*$!
{
	archiveVersion = 1;
	classes = {
	};
	objectVersion = 46;
	objects = {

/* Begin PBXBuildFile section */
		09144A7313C2997E00388B00 /* Entitlements.plist in Resources */ = {isa = PBXBuildFile; fileRef = 09144A7213C2997E00388B00 /* Entitlements.plist */; };
		092354B313A1D7EB00DA740F /* CFNetwork.framework in Frameworks */ = {isa = PBXBuildFile; fileRef = 092354B213A1D7EB00DA740F /* CFNetwork.framework */; };
		092354B513A1D7F000DA740F /* SystemConfiguration.framework in Frameworks */ = {isa = PBXBuildFile; fileRef = 092354B413A1D7F000DA740F /* SystemConfiguration.framework */; };
		092354B713A1D83C00DA740F /* MobileCoreServices.framework in Frameworks */ = {isa = PBXBuildFile; fileRef = 092354B613A1D83C00DA740F /* MobileCoreServices.framework */; };
		094ACA0014367ACD008398F8 /* Parse.framework in Frameworks */ = {isa = PBXBuildFile; fileRef = 094AC9FF14367ACD008398F8 /* Parse.framework */; };
		095ACE8613C68EA300566243 /* AudioToolbox.framework in Frameworks */ = {isa = PBXBuildFile; fileRef = 095ACE8513C68EA300566243 /* AudioToolbox.framework */; };
		099CCEAD13F9E3760039A464 /* libz.1.1.3.dylib in Frameworks */ = {isa = PBXBuildFile; fileRef = 099CCEAC13F9E3760039A464 /* libz.1.1.3.dylib */; };
		09ABC07213A1D52D009C3FCF /* UIKit.framework in Frameworks */ = {isa = PBXBuildFile; fileRef = 09ABC07113A1D52D009C3FCF /* UIKit.framework */; };
		09ABC07413A1D52D009C3FCF /* Foundation.framework in Frameworks */ = {isa = PBXBuildFile; fileRef = 09ABC07313A1D52D009C3FCF /* Foundation.framework */; };
		09ABC07C13A1D52D009C3FCF /* InfoPlist.strings in Resources */ = {isa = PBXBuildFile; fileRef = 09ABC07A13A1D52D009C3FCF /* InfoPlist.strings */; };
		09ABC07F13A1D52D009C3FCF /* main.m in Sources */ = {isa = PBXBuildFile; fileRef = 09ABC07E13A1D52D009C3FCF /* main.m */; };
		09ABC08213A1D52D009C3FCF /* TopFishAppDelegate.m in Sources */ = {isa = PBXBuildFile; fileRef = 09ABC08113A1D52D009C3FCF /* TopFishAppDelegate.m */; };
		09ABC08813A1D52E009C3FCF /* TopFishViewController.m in Sources */ = {isa = PBXBuildFile; fileRef = 09ABC08713A1D52E009C3FCF /* TopFishViewController.m */; };
		09BEF34C13D51C3F001BBCDB /* Security.framework in Frameworks */ = {isa = PBXBuildFile; fileRef = 09BEF34B13D51C3F001BBCDB /* Security.framework */; };
		1818F01117D7FD8F00EF425C /* LeaderboardTableViewController.m in Sources */ = {isa = PBXBuildFile; fileRef = 1818F01017D7FD8F00EF425C /* LeaderboardTableViewController.m */; };
		1818F01517D8046F00EF425C /* CatchesTableViewController.m in Sources */ = {isa = PBXBuildFile; fileRef = 1818F01417D8046F00EF425C /* CatchesTableViewController.m */; };
		1818F01717D80C8500EF425C /* fish-default-photo.png in Resources */ = {isa = PBXBuildFile; fileRef = 1818F01617D80C8500EF425C /* fish-default-photo.png */; };
		1818F01A17D81E5A00EF425C /* ProfileTableViewController.m in Sources */ = {isa = PBXBuildFile; fileRef = 1818F01917D81E5A00EF425C /* ProfileTableViewController.m */; };
		1818F01D17D81E9D00EF425C /* ProfileNavigationController.m in Sources */ = {isa = PBXBuildFile; fileRef = 1818F01C17D81E9D00EF425C /* ProfileNavigationController.m */; };
		18251109181B799A00D5909B /* map-pin-area-mini@2x.png in Resources */ = {isa = PBXBuildFile; fileRef = 18251107181B799A00D5909B /* map-pin-area-mini@2x.png */; };
		1825110A181B799A00D5909B /* trophy-mini@2x.png in Resources */ = {isa = PBXBuildFile; fileRef = 18251108181B799A00D5909B /* trophy-mini@2x.png */; };
		1825110D181B7B4900D5909B /* man-mini.png in Resources */ = {isa = PBXBuildFile; fileRef = 1825110B181B7B4900D5909B /* man-mini.png */; };
		1825110E181B7B4900D5909B /* man-mini@2x.png in Resources */ = {isa = PBXBuildFile; fileRef = 1825110C181B7B4900D5909B /* man-mini@2x.png */; };
		18251111181B843C00D5909B /* shopping-bag-mini.png in Resources */ = {isa = PBXBuildFile; fileRef = 1825110F181B843C00D5909B /* shopping-bag-mini.png */; };
		18251112181B843C00D5909B /* shopping-bag-mini@2x.png in Resources */ = {isa = PBXBuildFile; fileRef = 18251110181B843C00D5909B /* shopping-bag-mini@2x.png */; };
		18251115181B86FB00D5909B /* add-catch-button.png in Resources */ = {isa = PBXBuildFile; fileRef = 18251113181B86FB00D5909B /* add-catch-button.png */; };
		18251116181B86FB00D5909B /* add-catch-button@2x.png in Resources */ = {isa = PBXBuildFile; fileRef = 18251114181B86FB00D5909B /* add-catch-button@2x.png */; };
		18251127181C7E7500D5909B /* camera-mini.png in Resources */ = {isa = PBXBuildFile; fileRef = 1825111F181C7E7500D5909B /* camera-mini.png */; };
		18251128181C7E7500D5909B /* camera-mini@2x.png in Resources */ = {isa = PBXBuildFile; fileRef = 18251120181C7E7500D5909B /* camera-mini@2x.png */; };
		18251129181C7E7500D5909B /* image-mini.png in Resources */ = {isa = PBXBuildFile; fileRef = 18251121181C7E7500D5909B /* image-mini.png */; };
		1825112A181C7E7500D5909B /* image-mini@2x.png in Resources */ = {isa = PBXBuildFile; fileRef = 18251122181C7E7500D5909B /* image-mini@2x.png */; };
		1825112B181C7E7500D5909B /* ruler-mini.png in Resources */ = {isa = PBXBuildFile; fileRef = 18251123181C7E7500D5909B /* ruler-mini.png */; };
		1825112C181C7E7500D5909B /* ruler-mini@2x.png in Resources */ = {isa = PBXBuildFile; fileRef = 18251124181C7E7500D5909B /* ruler-mini@2x.png */; };
		1825112D181C7E7500D5909B /* weight-mini.png in Resources */ = {isa = PBXBuildFile; fileRef = 18251125181C7E7500D5909B /* weight-mini.png */; };
		1825112E181C7E7500D5909B /* weight-mini@2x.png in Resources */ = {isa = PBXBuildFile; fileRef = 18251126181C7E7500D5909B /* weight-mini@2x.png */; };
		18251133181C829500D5909B /* circle-overlapping-mini.png in Resources */ = {isa = PBXBuildFile; fileRef = 1825112F181C829500D5909B /* circle-overlapping-mini.png */; };
		18251134181C829500D5909B /* circle-overlapping-mini@2x.png in Resources */ = {isa = PBXBuildFile; fileRef = 18251130181C829500D5909B /* circle-overlapping-mini@2x.png */; };
		18251135181C829500D5909B /* hand-mini.png in Resources */ = {isa = PBXBuildFile; fileRef = 18251131181C829500D5909B /* hand-mini.png */; };
		18251136181C829500D5909B /* hand-mini@2x.png in Resources */ = {isa = PBXBuildFile; fileRef = 18251132181C829500D5909B /* hand-mini@2x.png */; };
		1825113B181C830600D5909B /* map-pin-area-mini-grey.png in Resources */ = {isa = PBXBuildFile; fileRef = 18251137181C830600D5909B /* map-pin-area-mini-grey.png */; };
		1825113C181C830600D5909B /* map-pin-area-mini-grey@2x.png in Resources */ = {isa = PBXBuildFile; fileRef = 18251138181C830600D5909B /* map-pin-area-mini-grey@2x.png */; };
		1825113D181C830600D5909B /* map-pin-down-mini.png in Resources */ = {isa = PBXBuildFile; fileRef = 18251139181C830600D5909B /* map-pin-down-mini.png */; };
		1825113E181C830600D5909B /* map-pin-down-mini@2x.png in Resources */ = {isa = PBXBuildFile; fileRef = 1825113A181C830600D5909B /* map-pin-down-mini@2x.png */; };
		18251143181C867500D5909B /* sticky-note-mini.png in Resources */ = {isa = PBXBuildFile; fileRef = 1825113F181C867500D5909B /* sticky-note-mini.png */; };
		18251144181C867500D5909B /* sticky-note-mini@2x.png in Resources */ = {isa = PBXBuildFile; fileRef = 18251140181C867500D5909B /* sticky-note-mini@2x.png */; };
		18251145181C867500D5909B /* trophy-mini-grey.png in Resources */ = {isa = PBXBuildFile; fileRef = 18251141181C867500D5909B /* trophy-mini-grey.png */; };
		18251146181C867500D5909B /* trophy-mini-grey@2x.png in Resources */ = {isa = PBXBuildFile; fileRef = 18251142181C867500D5909B /* trophy-mini-grey@2x.png */; };
		18251148181C97CA00D5909B /* first-place-badge.png in Resources */ = {isa = PBXBuildFile; fileRef = 18251147181C97CA00D5909B /* first-place-badge.png */; };
		1825114A181C990200D5909B /* first-place-badge@2x.png in Resources */ = {isa = PBXBuildFile; fileRef = 18251149181C990200D5909B /* first-place-badge@2x.png */; };
		1825114D181CB60E00D5909B /* map-pin-mini.png in Resources */ = {isa = PBXBuildFile; fileRef = 1825114B181CB60E00D5909B /* map-pin-mini.png */; };
		1825114E181CB60E00D5909B /* map-pin-mini@2x.png in Resources */ = {isa = PBXBuildFile; fileRef = 1825114C181CB60E00D5909B /* map-pin-mini@2x.png */; };
		1825115A181CD78400D5909B /* AppIcon29x29.png in Resources */ = {isa = PBXBuildFile; fileRef = 18251150181CD78400D5909B /* AppIcon29x29.png */; };
		1825115B181CD78400D5909B /* Icon@2x.png in Resources */ = {isa = PBXBuildFile; fileRef = 18251151181CD78400D5909B /* Icon@2x.png */; };
		1825115C181CD78400D5909B /* AppIcon40x40.png in Resources */ = {isa = PBXBuildFile; fileRef = 18251152181CD78400D5909B /* AppIcon40x40.png */; };
		1825115D181CD78400D5909B /* Icon~iphone.png in Resources */ = {isa = PBXBuildFile; fileRef = 18251153181CD78400D5909B /* Icon~iphone.png */; };
		1825115E181CD78400D5909B /* AppIcon60x60.png in Resources */ = {isa = PBXBuildFile; fileRef = 18251154181CD78400D5909B /* AppIcon60x60.png */; };
		1825115F181CD78400D5909B /* Icon.png in Resources */ = {isa = PBXBuildFile; fileRef = 18251155181CD78400D5909B /* Icon.png */; };
		18251160181CD78400D5909B /* AppIcon76x76.png in Resources */ = {isa = PBXBuildFile; fileRef = 18251156181CD78400D5909B /* AppIcon76x76.png */; };
		18251161181CD78400D5909B /* AppIcon76x76@2x.png in Resources */ = {isa = PBXBuildFile; fileRef = 18251157181CD78400D5909B /* AppIcon76x76@2x.png */; };
		18251162181CD78400D5909B /* iTunesArtwork.png in Resources */ = {isa = PBXBuildFile; fileRef = 18251158181CD78400D5909B /* iTunesArtwork.png */; };
		18251163181CD78400D5909B /* iTunesArtwork@2x.png in Resources */ = {isa = PBXBuildFile; fileRef = 18251159181CD78400D5909B /* iTunesArtwork@2x.png */; };
		18251165181CD89400D5909B /* Images.xcassets in Resources */ = {isa = PBXBuildFile; fileRef = 18251164181CD89400D5909B /* Images.xcassets */; };
		18251168181CDE8E00D5909B /* CatchTableViewCell.m in Sources */ = {isa = PBXBuildFile; fileRef = 18251167181CDE8E00D5909B /* CatchTableViewCell.m */; };
		1844C011180AEE4A0064BC19 /* MethodList.m in Sources */ = {isa = PBXBuildFile; fileRef = 1844C010180AEE4A0064BC19 /* MethodList.m */; };
		1846418917EFCEA10080D7FF /* Fish.m in Sources */ = {isa = PBXBuildFile; fileRef = 1846418817EFCEA10080D7FF /* Fish.m */; };
		18534DA918142CE4007F046A /* LeaderboardTableViewCell.m in Sources */ = {isa = PBXBuildFile; fileRef = 18534DA818142CE4007F046A /* LeaderboardTableViewCell.m */; };
		18534DB21814498A007F046A /* LeaderboardTableViewCellFirst.m in Sources */ = {isa = PBXBuildFile; fileRef = 18534DB11814498A007F046A /* LeaderboardTableViewCellFirst.m */; };
		185BA39D17EF45DF001E2481 /* WeightMeasurementOptionsTableViewController.m in Sources */ = {isa = PBXBuildFile; fileRef = 185BA39C17EF45DF001E2481 /* WeightMeasurementOptionsTableViewController.m */; };
		185E58BC17D529BA006375B3 /* AddCatchNavigationController.m in Sources */ = {isa = PBXBuildFile; fileRef = 185E58BB17D529BA006375B3 /* AddCatchNavigationController.m */; };
		185E58BF17D52EF9006375B3 /* CatchAddedViewController.m in Sources */ = {isa = PBXBuildFile; fileRef = 185E58BE17D52EF9006375B3 /* CatchAddedViewController.m */; };
		185E58C217D5405C006375B3 /* AddCatchNotesViewController.m in Sources */ = {isa = PBXBuildFile; fileRef = 185E58C117D5405C006375B3 /* AddCatchNotesViewController.m */; };
		185E58C517D560DC006375B3 /* CatchPhoto.m in Sources */ = {isa = PBXBuildFile; fileRef = 185E58C417D560DC006375B3 /* CatchPhoto.m */; };
		185E58C917D6C60C006375B3 /* CatchesMapViewController.m in Sources */ = {isa = PBXBuildFile; fileRef = 185E58C817D6C60C006375B3 /* CatchesMapViewController.m */; };
		185E58CD17D6E470006375B3 /* LeaderboardNavigationController.m in Sources */ = {isa = PBXBuildFile; fileRef = 185E58CC17D6E470006375B3 /* LeaderboardNavigationController.m */; };
		186C894C17EE521900CF3ECC /* LengthMeasurementOptionsTableViewController.m in Sources */ = {isa = PBXBuildFile; fileRef = 186C894B17EE521900CF3ECC /* LengthMeasurementOptionsTableViewController.m */; };
		188C06CA180F2D4D003C7FFC /* LoadingView.m in Sources */ = {isa = PBXBuildFile; fileRef = 188C06C9180F2D4D003C7FFC /* LoadingView.m */; };
		188ED2BE18A3428700F96E4B /* AllMethodsSwitch.m in Sources */ = {isa = PBXBuildFile; fileRef = 188ED2BD18A3428700F96E4B /* AllMethodsSwitch.m */; };
		189ABA7818F4359E00093BE7 /* funnel-mini.png in Resources */ = {isa = PBXBuildFile; fileRef = 189ABA7618F4359E00093BE7 /* funnel-mini.png */; };
		189ABA7918F4359E00093BE7 /* funnel-mini@2x.png in Resources */ = {isa = PBXBuildFile; fileRef = 189ABA7718F4359E00093BE7 /* funnel-mini@2x.png */; };
		189ABA7C18F608B100093BE7 /* camera-mini-blue.png in Resources */ = {isa = PBXBuildFile; fileRef = 189ABA7A18F608B100093BE7 /* camera-mini-blue.png */; };
		189ABA7D18F608B100093BE7 /* camera-mini-blue@2x.png in Resources */ = {isa = PBXBuildFile; fileRef = 189ABA7B18F608B100093BE7 /* camera-mini-blue@2x.png */; };
		189ABA8018F608D700093BE7 /* image-mini-blue.png in Resources */ = {isa = PBXBuildFile; fileRef = 189ABA7E18F608D700093BE7 /* image-mini-blue.png */; };
		189ABA8118F608D700093BE7 /* image-mini-blue@2x.png in Resources */ = {isa = PBXBuildFile; fileRef = 189ABA7F18F608D700093BE7 /* image-mini-blue@2x.png */; };
		189ABA8418F608F400093BE7 /* ruler-mini-blue.png in Resources */ = {isa = PBXBuildFile; fileRef = 189ABA8218F608F400093BE7 /* ruler-mini-blue.png */; };
		189ABA8518F608F400093BE7 /* ruler-mini-blue@2x.png in Resources */ = {isa = PBXBuildFile; fileRef = 189ABA8318F608F400093BE7 /* ruler-mini-blue@2x.png */; };
		189ABA8818F6090D00093BE7 /* weight-mini-blue.png in Resources */ = {isa = PBXBuildFile; fileRef = 189ABA8618F6090D00093BE7 /* weight-mini-blue.png */; };
		189ABA8918F6090D00093BE7 /* weight-mini-blue@2x.png in Resources */ = {isa = PBXBuildFile; fileRef = 189ABA8718F6090D00093BE7 /* weight-mini-blue@2x.png */; };
		189ABA8C18F6092800093BE7 /* circle-overlapping-mini-blue.png in Resources */ = {isa = PBXBuildFile; fileRef = 189ABA8A18F6092800093BE7 /* circle-overlapping-mini-blue.png */; };
		189ABA8D18F6092800093BE7 /* circle-overlapping-mini-blue@2x.png in Resources */ = {isa = PBXBuildFile; fileRef = 189ABA8B18F6092800093BE7 /* circle-overlapping-mini-blue@2x.png */; };
		189ABA9018F609AF00093BE7 /* hand-mini-blue.png in Resources */ = {isa = PBXBuildFile; fileRef = 189ABA8E18F609AF00093BE7 /* hand-mini-blue.png */; };
		189ABA9118F609AF00093BE7 /* hand-mini-blue@2x.png in Resources */ = {isa = PBXBuildFile; fileRef = 189ABA8F18F609AF00093BE7 /* hand-mini-blue@2x.png */; };
		189ABA9418F60A4600093BE7 /* sticky-note-mini-blue.png in Resources */ = {isa = PBXBuildFile; fileRef = 189ABA9218F60A4600093BE7 /* sticky-note-mini-blue.png */; };
		189ABA9518F60A4600093BE7 /* sticky-note-mini-blue@2x.png in Resources */ = {isa = PBXBuildFile; fileRef = 189ABA9318F60A4600093BE7 /* sticky-note-mini-blue@2x.png */; };
		189ABA9818F60AB200093BE7 /* trophy-mini-blue.png in Resources */ = {isa = PBXBuildFile; fileRef = 189ABA9618F60AB200093BE7 /* trophy-mini-blue.png */; };
		189ABA9918F60AB200093BE7 /* trophy-mini-blue@2x.png in Resources */ = {isa = PBXBuildFile; fileRef = 189ABA9718F60AB200093BE7 /* trophy-mini-blue@2x.png */; };
		189ABA9C18F61B7C00093BE7 /* map-pin-area-mini-blue.png in Resources */ = {isa = PBXBuildFile; fileRef = 189ABA9A18F61B7C00093BE7 /* map-pin-area-mini-blue.png */; };
		189ABA9D18F61B7C00093BE7 /* map-pin-area-mini-blue@2x.png in Resources */ = {isa = PBXBuildFile; fileRef = 189ABA9B18F61B7C00093BE7 /* map-pin-area-mini-blue@2x.png */; };
		18A25CF217EFAFB6007A43F6 /* SpeciesList.m in Sources */ = {isa = PBXBuildFile; fileRef = 18A25CF117EFAFB6007A43F6 /* SpeciesList.m */; };
		18A25CF617EFB662007A43F6 /* SpeciesListTableViewController.m in Sources */ = {isa = PBXBuildFile; fileRef = 18A25CF517EFB662007A43F6 /* SpeciesListTableViewController.m */; };
		18A7DB9917B6BB2900471456 /* Catch.m in Sources */ = {isa = PBXBuildFile; fileRef = 18A7DB9817B6BB2900471456 /* Catch.m */; };
		18A7DB9B17B6DA1C00471456 /* MainStoryboard.storyboard in Resources */ = {isa = PBXBuildFile; fileRef = 18A7DB9A17B6DA1C00471456 /* MainStoryboard.storyboard */; };
		18A7DBA517B6E5AE00471456 /* AddCatchInfoTableViewController.m in Sources */ = {isa = PBXBuildFile; fileRef = 18A7DBA417B6E5AE00471456 /* AddCatchInfoTableViewController.m */; };
		18A80C90180F6AC60026FF85 /* CatchPhotoScrollViewController.m in Sources */ = {isa = PBXBuildFile; fileRef = 18A80C8F180F6AC60026FF85 /* CatchPhotoScrollViewController.m */; };
		18B1012F1808DE5300330ECB /* UserLoginViewController.m in Sources */ = {isa = PBXBuildFile; fileRef = 18B1012E1808DE5300330ECB /* UserLoginViewController.m */; };
		18B101321808DED800330ECB /* UserSignupViewController.m in Sources */ = {isa = PBXBuildFile; fileRef = 18B101311808DED800330ECB /* UserSignupViewController.m */; };
		18BB471F18F8C3FB00B0EDB5 /* ThemedNavigationController.m in Sources */ = {isa = PBXBuildFile; fileRef = 18BB471E18F8C3FB00B0EDB5 /* ThemedNavigationController.m */; };
		18C1C0B0180A18B9002AE1F8 /* MethodListTableViewController.m in Sources */ = {isa = PBXBuildFile; fileRef = 18C1C0AF180A18B9002AE1F8 /* MethodListTableViewController.m */; };
		18C1C0B3180A193C002AE1F8 /* FilterTableViewController.m in Sources */ = {isa = PBXBuildFile; fileRef = 18C1C0B2180A193C002AE1F8 /* FilterTableViewController.m */; };
		18D2F5851818AB8800E11C6D /* CatchesNavigationController.m in Sources */ = {isa = PBXBuildFile; fileRef = 18D2F5841818AB8800E11C6D /* CatchesNavigationController.m */; };
		18DB96ED17C9103B00BFD184 /* TakePhotoViewController.m in Sources */ = {isa = PBXBuildFile; fileRef = 18DB96EC17C9103B00BFD184 /* TakePhotoViewController.m */; };
		18DB96F017C9884900BFD184 /* CustomTabBarController.m in Sources */ = {isa = PBXBuildFile; fileRef = 18DB96EF17C9884900BFD184 /* CustomTabBarController.m */; };
		18DB96F617CA4FA400BFD184 /* MapKit.framework in Frameworks */ = {isa = PBXBuildFile; fileRef = 18DB96F517CA4FA400BFD184 /* MapKit.framework */; };
		18DB96F917CA518800BFD184 /* AddCatchMapLocationViewController.m in Sources */ = {isa = PBXBuildFile; fileRef = 18DB96F817CA518800BFD184 /* AddCatchMapLocationViewController.m */; };
		18DB96FC17CBB92100BFD184 /* CatchMapAnnotation.m in Sources */ = {isa = PBXBuildFile; fileRef = 18DB96FB17CBB92100BFD184 /* CatchMapAnnotation.m */; };
		18DC2BB9180B7CA100DA95C3 /* CatchDetailTableViewController.m in Sources */ = {isa = PBXBuildFile; fileRef = 18DC2BB8180B7CA100DA95C3 /* CatchDetailTableViewController.m */; };
		18DC2BBD180B802B00DA95C3 /* CatchPhotoDetailView.m in Sources */ = {isa = PBXBuildFile; fileRef = 18DC2BBC180B802B00DA95C3 /* CatchPhotoDetailView.m */; };
		18DE0A1D18274D6300F6C607 /* ThemedPFQueryTableViewController.m in Sources */ = {isa = PBXBuildFile; fileRef = 18DE0A1C18274D6300F6C607 /* ThemedPFQueryTableViewController.m */; };
		18DE0A2118274EE700F6C607 /* ThemedTableViewController.m in Sources */ = {isa = PBXBuildFile; fileRef = 18DE0A2018274EE700F6C607 /* ThemedTableViewController.m */; };
		2FCDD6B014A573F500295AAC /* QuartzCore.framework in Frameworks */ = {isa = PBXBuildFile; fileRef = 2FCDD6AF14A573F500295AAC /* QuartzCore.framework */; };
		4998650515BF305000803E05 /* StoreKit.framework in Frameworks */ = {isa = PBXBuildFile; fileRef = 4998650415BF305000803E05 /* StoreKit.framework */; };
		743D7B6D157DA60100084B67 /* CoreGraphics.framework in Frameworks */ = {isa = PBXBuildFile; fileRef = 743D7B6C157DA60100084B67 /* CoreGraphics.framework */; };
		C4C51B571613CE0800959FDC /* Default.png in Resources */ = {isa = PBXBuildFile; fileRef = C4C51B541613CE0800959FDC /* Default.png */; };
		C4C51B581613CE0800959FDC /* Default-568h@2x.png in Resources */ = {isa = PBXBuildFile; fileRef = C4C51B551613CE0800959FDC /* Default-568h@2x.png */; };
		C4C51B591613CE0800959FDC /* Default@2x.png in Resources */ = {isa = PBXBuildFile; fileRef = C4C51B561613CE0800959FDC /* Default@2x.png */; };
		DD952FCB16E7F5CF00470144 /* CoreLocation.framework in Frameworks */ = {isa = PBXBuildFile; fileRef = 97E18B1E1624CB5700B17A67 /* CoreLocation.framework */; };
/* End PBXBuildFile section */

/* Begin PBXFileReference section */
		09144A7213C2997E00388B00 /* Entitlements.plist */ = {isa = PBXFileReference; fileEncoding = 4; lastKnownFileType = text.plist.xml; path = Entitlements.plist; sourceTree = "<group>"; };
		092354B213A1D7EB00DA740F /* CFNetwork.framework */ = {isa = PBXFileReference; lastKnownFileType = wrapper.framework; name = CFNetwork.framework; path = System/Library/Frameworks/CFNetwork.framework; sourceTree = SDKROOT; };
		092354B413A1D7F000DA740F /* SystemConfiguration.framework */ = {isa = PBXFileReference; lastKnownFileType = wrapper.framework; name = SystemConfiguration.framework; path = System/Library/Frameworks/SystemConfiguration.framework; sourceTree = SDKROOT; };
		092354B613A1D83C00DA740F /* MobileCoreServices.framework */ = {isa = PBXFileReference; lastKnownFileType = wrapper.framework; name = MobileCoreServices.framework; path = System/Library/Frameworks/MobileCoreServices.framework; sourceTree = SDKROOT; };
		094AC9FF14367ACD008398F8 /* Parse.framework */ = {isa = PBXFileReference; lastKnownFileType = wrapper.framework; path = Parse.framework; sourceTree = "<group>"; };
		095ACE8513C68EA300566243 /* AudioToolbox.framework */ = {isa = PBXFileReference; lastKnownFileType = wrapper.framework; name = AudioToolbox.framework; path = System/Library/Frameworks/AudioToolbox.framework; sourceTree = SDKROOT; };
		099CCEAC13F9E3760039A464 /* libz.1.1.3.dylib */ = {isa = PBXFileReference; lastKnownFileType = "compiled.mach-o.dylib"; name = libz.1.1.3.dylib; path = usr/lib/libz.1.1.3.dylib; sourceTree = SDKROOT; };
		09ABC06D13A1D52D009C3FCF /* TopFish.app */ = {isa = PBXFileReference; explicitFileType = wrapper.application; includeInIndex = 0; path = TopFish.app; sourceTree = BUILT_PRODUCTS_DIR; };
		09ABC07113A1D52D009C3FCF /* UIKit.framework */ = {isa = PBXFileReference; lastKnownFileType = wrapper.framework; name = UIKit.framework; path = System/Library/Frameworks/UIKit.framework; sourceTree = SDKROOT; };
		09ABC07313A1D52D009C3FCF /* Foundation.framework */ = {isa = PBXFileReference; lastKnownFileType = wrapper.framework; name = Foundation.framework; path = System/Library/Frameworks/Foundation.framework; sourceTree = SDKROOT; };
		09ABC07913A1D52D009C3FCF /* TopFish-Info.plist */ = {isa = PBXFileReference; lastKnownFileType = text.plist.xml; path = "TopFish-Info.plist"; sourceTree = "<group>"; };
		09ABC07B13A1D52D009C3FCF /* en */ = {isa = PBXFileReference; lastKnownFileType = text.plist.strings; name = en; path = en.lproj/InfoPlist.strings; sourceTree = "<group>"; };
		09ABC07D13A1D52D009C3FCF /* TopFish-Prefix.pch */ = {isa = PBXFileReference; lastKnownFileType = sourcecode.c.h; path = "TopFish-Prefix.pch"; sourceTree = "<group>"; };
		09ABC07E13A1D52D009C3FCF /* main.m */ = {isa = PBXFileReference; lastKnownFileType = sourcecode.c.objc; path = main.m; sourceTree = "<group>"; };
		09ABC08013A1D52D009C3FCF /* TopFishAppDelegate.h */ = {isa = PBXFileReference; lastKnownFileType = sourcecode.c.h; path = TopFishAppDelegate.h; sourceTree = "<group>"; };
		09ABC08113A1D52D009C3FCF /* TopFishAppDelegate.m */ = {isa = PBXFileReference; lastKnownFileType = sourcecode.c.objc; path = TopFishAppDelegate.m; sourceTree = "<group>"; };
		09ABC08613A1D52E009C3FCF /* TopFishViewController.h */ = {isa = PBXFileReference; lastKnownFileType = sourcecode.c.h; path = TopFishViewController.h; sourceTree = "<group>"; };
		09ABC08713A1D52E009C3FCF /* TopFishViewController.m */ = {isa = PBXFileReference; lastKnownFileType = sourcecode.c.objc; path = TopFishViewController.m; sourceTree = "<group>"; };
		09BEF34B13D51C3F001BBCDB /* Security.framework */ = {isa = PBXFileReference; lastKnownFileType = wrapper.framework; name = Security.framework; path = System/Library/Frameworks/Security.framework; sourceTree = SDKROOT; };
		1818F00F17D7FD8F00EF425C /* LeaderboardTableViewController.h */ = {isa = PBXFileReference; fileEncoding = 4; lastKnownFileType = sourcecode.c.h; name = LeaderboardTableViewController.h; path = ViewControllers/LeaderboardTableViewController.h; sourceTree = "<group>"; };
		1818F01017D7FD8F00EF425C /* LeaderboardTableViewController.m */ = {isa = PBXFileReference; fileEncoding = 4; lastKnownFileType = sourcecode.c.objc; name = LeaderboardTableViewController.m; path = ViewControllers/LeaderboardTableViewController.m; sourceTree = "<group>"; };
		1818F01317D8046F00EF425C /* CatchesTableViewController.h */ = {isa = PBXFileReference; fileEncoding = 4; lastKnownFileType = sourcecode.c.h; name = CatchesTableViewController.h; path = ViewControllers/CatchesTableViewController.h; sourceTree = "<group>"; };
		1818F01417D8046F00EF425C /* CatchesTableViewController.m */ = {isa = PBXFileReference; fileEncoding = 4; lastKnownFileType = sourcecode.c.objc; name = CatchesTableViewController.m; path = ViewControllers/CatchesTableViewController.m; sourceTree = "<group>"; };
		1818F01617D80C8500EF425C /* fish-default-photo.png */ = {isa = PBXFileReference; lastKnownFileType = image.png; path = "fish-default-photo.png"; sourceTree = "<group>"; };
		1818F01817D81E5A00EF425C /* ProfileTableViewController.h */ = {isa = PBXFileReference; fileEncoding = 4; lastKnownFileType = sourcecode.c.h; name = ProfileTableViewController.h; path = ViewControllers/ProfileTableViewController.h; sourceTree = "<group>"; };
		1818F01917D81E5A00EF425C /* ProfileTableViewController.m */ = {isa = PBXFileReference; fileEncoding = 4; lastKnownFileType = sourcecode.c.objc; name = ProfileTableViewController.m; path = ViewControllers/ProfileTableViewController.m; sourceTree = "<group>"; };
		1818F01B17D81E9D00EF425C /* ProfileNavigationController.h */ = {isa = PBXFileReference; fileEncoding = 4; lastKnownFileType = sourcecode.c.h; name = ProfileNavigationController.h; path = ViewControllers/ProfileNavigationController.h; sourceTree = "<group>"; };
		1818F01C17D81E9D00EF425C /* ProfileNavigationController.m */ = {isa = PBXFileReference; fileEncoding = 4; lastKnownFileType = sourcecode.c.objc; name = ProfileNavigationController.m; path = ViewControllers/ProfileNavigationController.m; sourceTree = "<group>"; };
		18251107181B799A00D5909B /* map-pin-area-mini@2x.png */ = {isa = PBXFileReference; lastKnownFileType = image.png; name = "map-pin-area-mini@2x.png"; path = "Images/map-pin-area-mini@2x.png"; sourceTree = "<group>"; };
		18251108181B799A00D5909B /* trophy-mini@2x.png */ = {isa = PBXFileReference; lastKnownFileType = image.png; name = "trophy-mini@2x.png"; path = "Images/trophy-mini@2x.png"; sourceTree = "<group>"; };
		1825110B181B7B4900D5909B /* man-mini.png */ = {isa = PBXFileReference; lastKnownFileType = image.png; name = "man-mini.png"; path = "Images/man-mini.png"; sourceTree = "<group>"; };
		1825110C181B7B4900D5909B /* man-mini@2x.png */ = {isa = PBXFileReference; lastKnownFileType = image.png; name = "man-mini@2x.png"; path = "Images/man-mini@2x.png"; sourceTree = "<group>"; };
		1825110F181B843C00D5909B /* shopping-bag-mini.png */ = {isa = PBXFileReference; lastKnownFileType = image.png; name = "shopping-bag-mini.png"; path = "Images/shopping-bag-mini.png"; sourceTree = "<group>"; };
		18251110181B843C00D5909B /* shopping-bag-mini@2x.png */ = {isa = PBXFileReference; lastKnownFileType = image.png; name = "shopping-bag-mini@2x.png"; path = "Images/shopping-bag-mini@2x.png"; sourceTree = "<group>"; };
		18251113181B86FB00D5909B /* add-catch-button.png */ = {isa = PBXFileReference; lastKnownFileType = image.png; path = "add-catch-button.png"; sourceTree = "<group>"; };
		18251114181B86FB00D5909B /* add-catch-button@2x.png */ = {isa = PBXFileReference; lastKnownFileType = image.png; path = "add-catch-button@2x.png"; sourceTree = "<group>"; };
		1825111F181C7E7500D5909B /* camera-mini.png */ = {isa = PBXFileReference; lastKnownFileType = image.png; name = "camera-mini.png"; path = "Images/grey/camera-mini.png"; sourceTree = "<group>"; };
		18251120181C7E7500D5909B /* camera-mini@2x.png */ = {isa = PBXFileReference; lastKnownFileType = image.png; name = "camera-mini@2x.png"; path = "Images/grey/camera-mini@2x.png"; sourceTree = "<group>"; };
		18251121181C7E7500D5909B /* image-mini.png */ = {isa = PBXFileReference; lastKnownFileType = image.png; name = "image-mini.png"; path = "Images/grey/image-mini.png"; sourceTree = "<group>"; };
		18251122181C7E7500D5909B /* image-mini@2x.png */ = {isa = PBXFileReference; lastKnownFileType = image.png; name = "image-mini@2x.png"; path = "Images/grey/image-mini@2x.png"; sourceTree = "<group>"; };
		18251123181C7E7500D5909B /* ruler-mini.png */ = {isa = PBXFileReference; lastKnownFileType = image.png; name = "ruler-mini.png"; path = "Images/grey/ruler-mini.png"; sourceTree = "<group>"; };
		18251124181C7E7500D5909B /* ruler-mini@2x.png */ = {isa = PBXFileReference; lastKnownFileType = image.png; name = "ruler-mini@2x.png"; path = "Images/grey/ruler-mini@2x.png"; sourceTree = "<group>"; };
		18251125181C7E7500D5909B /* weight-mini.png */ = {isa = PBXFileReference; lastKnownFileType = image.png; name = "weight-mini.png"; path = "Images/grey/weight-mini.png"; sourceTree = "<group>"; };
		18251126181C7E7500D5909B /* weight-mini@2x.png */ = {isa = PBXFileReference; lastKnownFileType = image.png; name = "weight-mini@2x.png"; path = "Images/grey/weight-mini@2x.png"; sourceTree = "<group>"; };
		1825112F181C829500D5909B /* circle-overlapping-mini.png */ = {isa = PBXFileReference; lastKnownFileType = image.png; name = "circle-overlapping-mini.png"; path = "Images/grey/circle-overlapping-mini.png"; sourceTree = "<group>"; };
		18251130181C829500D5909B /* circle-overlapping-mini@2x.png */ = {isa = PBXFileReference; lastKnownFileType = image.png; name = "circle-overlapping-mini@2x.png"; path = "Images/grey/circle-overlapping-mini@2x.png"; sourceTree = "<group>"; };
		18251131181C829500D5909B /* hand-mini.png */ = {isa = PBXFileReference; lastKnownFileType = image.png; name = "hand-mini.png"; path = "Images/grey/hand-mini.png"; sourceTree = "<group>"; };
		18251132181C829500D5909B /* hand-mini@2x.png */ = {isa = PBXFileReference; lastKnownFileType = image.png; name = "hand-mini@2x.png"; path = "Images/grey/hand-mini@2x.png"; sourceTree = "<group>"; };
		18251137181C830600D5909B /* map-pin-area-mini-grey.png */ = {isa = PBXFileReference; lastKnownFileType = image.png; name = "map-pin-area-mini-grey.png"; path = "Images/grey/map-pin-area-mini-grey.png"; sourceTree = "<group>"; };
		18251138181C830600D5909B /* map-pin-area-mini-grey@2x.png */ = {isa = PBXFileReference; lastKnownFileType = image.png; name = "map-pin-area-mini-grey@2x.png"; path = "Images/grey/map-pin-area-mini-grey@2x.png"; sourceTree = "<group>"; };
		18251139181C830600D5909B /* map-pin-down-mini.png */ = {isa = PBXFileReference; lastKnownFileType = image.png; name = "map-pin-down-mini.png"; path = "Images/grey/map-pin-down-mini.png"; sourceTree = "<group>"; };
		1825113A181C830600D5909B /* map-pin-down-mini@2x.png */ = {isa = PBXFileReference; lastKnownFileType = image.png; name = "map-pin-down-mini@2x.png"; path = "Images/grey/map-pin-down-mini@2x.png"; sourceTree = "<group>"; };
		1825113F181C867500D5909B /* sticky-note-mini.png */ = {isa = PBXFileReference; lastKnownFileType = image.png; name = "sticky-note-mini.png"; path = "Images/grey/sticky-note-mini.png"; sourceTree = "<group>"; };
		18251140181C867500D5909B /* sticky-note-mini@2x.png */ = {isa = PBXFileReference; lastKnownFileType = image.png; name = "sticky-note-mini@2x.png"; path = "Images/grey/sticky-note-mini@2x.png"; sourceTree = "<group>"; };
		18251141181C867500D5909B /* trophy-mini-grey.png */ = {isa = PBXFileReference; lastKnownFileType = image.png; name = "trophy-mini-grey.png"; path = "Images/grey/trophy-mini-grey.png"; sourceTree = "<group>"; };
		18251142181C867500D5909B /* trophy-mini-grey@2x.png */ = {isa = PBXFileReference; lastKnownFileType = image.png; name = "trophy-mini-grey@2x.png"; path = "Images/grey/trophy-mini-grey@2x.png"; sourceTree = "<group>"; };
		18251147181C97CA00D5909B /* first-place-badge.png */ = {isa = PBXFileReference; lastKnownFileType = image.png; path = "first-place-badge.png"; sourceTree = "<group>"; };
		18251149181C990200D5909B /* first-place-badge@2x.png */ = {isa = PBXFileReference; lastKnownFileType = image.png; path = "first-place-badge@2x.png"; sourceTree = "<group>"; };
		1825114B181CB60E00D5909B /* map-pin-mini.png */ = {isa = PBXFileReference; lastKnownFileType = image.png; name = "map-pin-mini.png"; path = "Images/grey/map-pin-mini.png"; sourceTree = "<group>"; };
		1825114C181CB60E00D5909B /* map-pin-mini@2x.png */ = {isa = PBXFileReference; lastKnownFileType = image.png; name = "map-pin-mini@2x.png"; path = "Images/grey/map-pin-mini@2x.png"; sourceTree = "<group>"; };
		18251150181CD78400D5909B /* AppIcon29x29.png */ = {isa = PBXFileReference; lastKnownFileType = image.png; name = AppIcon29x29.png; path = "Images/App Icon [Squared]/AppIcon29x29.png"; sourceTree = "<group>"; };
		18251151181CD78400D5909B /* Icon@2x.png */ = {isa = PBXFileReference; lastKnownFileType = image.png; name = "Icon@2x.png"; path = "Images/App Icon [Squared]/Icon@2x.png"; sourceTree = "<group>"; };
		18251152181CD78400D5909B /* AppIcon40x40.png */ = {isa = PBXFileReference; lastKnownFileType = image.png; name = AppIcon40x40.png; path = "Images/App Icon [Squared]/AppIcon40x40.png"; sourceTree = "<group>"; };
		18251153181CD78400D5909B /* Icon~iphone.png */ = {isa = PBXFileReference; lastKnownFileType = image.png; name = "Icon~iphone.png"; path = "Images/App Icon [Squared]/Icon~iphone.png"; sourceTree = "<group>"; };
		18251154181CD78400D5909B /* AppIcon60x60.png */ = {isa = PBXFileReference; lastKnownFileType = image.png; name = AppIcon60x60.png; path = "Images/App Icon [Squared]/AppIcon60x60.png"; sourceTree = "<group>"; };
		18251155181CD78400D5909B /* Icon.png */ = {isa = PBXFileReference; lastKnownFileType = image.png; name = Icon.png; path = "Images/App Icon [Squared]/Icon.png"; sourceTree = "<group>"; };
		18251156181CD78400D5909B /* AppIcon76x76.png */ = {isa = PBXFileReference; lastKnownFileType = image.png; name = AppIcon76x76.png; path = "Images/App Icon [Squared]/AppIcon76x76.png"; sourceTree = "<group>"; };
		18251157181CD78400D5909B /* AppIcon76x76@2x.png */ = {isa = PBXFileReference; lastKnownFileType = image.png; name = "AppIcon76x76@2x.png"; path = "Images/App Icon [Squared]/AppIcon76x76@2x.png"; sourceTree = "<group>"; };
		18251158181CD78400D5909B /* iTunesArtwork.png */ = {isa = PBXFileReference; lastKnownFileType = image.png; name = iTunesArtwork.png; path = "Images/App Icon [Squared]/iTunesArtwork.png"; sourceTree = "<group>"; };
		18251159181CD78400D5909B /* iTunesArtwork@2x.png */ = {isa = PBXFileReference; lastKnownFileType = image.png; name = "iTunesArtwork@2x.png"; path = "Images/App Icon [Squared]/iTunesArtwork@2x.png"; sourceTree = "<group>"; };
		18251164181CD89400D5909B /* Images.xcassets */ = {isa = PBXFileReference; lastKnownFileType = folder.assetcatalog; name = Images.xcassets; path = TopFish/Images.xcassets; sourceTree = SOURCE_ROOT; };
		18251166181CDE8E00D5909B /* CatchTableViewCell.h */ = {isa = PBXFileReference; fileEncoding = 4; lastKnownFileType = sourcecode.c.h; name = CatchTableViewCell.h; path = ViewControllers/CatchTableViewCell.h; sourceTree = "<group>"; };
		18251167181CDE8E00D5909B /* CatchTableViewCell.m */ = {isa = PBXFileReference; fileEncoding = 4; lastKnownFileType = sourcecode.c.objc; name = CatchTableViewCell.m; path = ViewControllers/CatchTableViewCell.m; sourceTree = "<group>"; };
		1844C00F180AEE4A0064BC19 /* MethodList.h */ = {isa = PBXFileReference; fileEncoding = 4; lastKnownFileType = sourcecode.c.h; name = MethodList.h; path = Models/MethodList.h; sourceTree = "<group>"; };
		1844C010180AEE4A0064BC19 /* MethodList.m */ = {isa = PBXFileReference; fileEncoding = 4; lastKnownFileType = sourcecode.c.objc; name = MethodList.m; path = Models/MethodList.m; sourceTree = "<group>"; };
		1846418717EFCEA10080D7FF /* Fish.h */ = {isa = PBXFileReference; fileEncoding = 4; lastKnownFileType = sourcecode.c.h; name = Fish.h; path = Models/Fish.h; sourceTree = "<group>"; };
		1846418817EFCEA10080D7FF /* Fish.m */ = {isa = PBXFileReference; fileEncoding = 4; lastKnownFileType = sourcecode.c.objc; name = Fish.m; path = Models/Fish.m; sourceTree = "<group>"; };
		18534DA718142CE4007F046A /* LeaderboardTableViewCell.h */ = {isa = PBXFileReference; fileEncoding = 4; lastKnownFileType = sourcecode.c.h; name = LeaderboardTableViewCell.h; path = ViewControllers/LeaderboardTableViewCell.h; sourceTree = "<group>"; };
		18534DA818142CE4007F046A /* LeaderboardTableViewCell.m */ = {isa = PBXFileReference; fileEncoding = 4; lastKnownFileType = sourcecode.c.objc; name = LeaderboardTableViewCell.m; path = ViewControllers/LeaderboardTableViewCell.m; sourceTree = "<group>"; };
		18534DB01814498A007F046A /* LeaderboardTableViewCellFirst.h */ = {isa = PBXFileReference; fileEncoding = 4; lastKnownFileType = sourcecode.c.h; name = LeaderboardTableViewCellFirst.h; path = ViewControllers/LeaderboardTableViewCellFirst.h; sourceTree = "<group>"; };
		18534DB11814498A007F046A /* LeaderboardTableViewCellFirst.m */ = {isa = PBXFileReference; fileEncoding = 4; lastKnownFileType = sourcecode.c.objc; name = LeaderboardTableViewCellFirst.m; path = ViewControllers/LeaderboardTableViewCellFirst.m; sourceTree = "<group>"; };
		185BA39B17EF45DF001E2481 /* WeightMeasurementOptionsTableViewController.h */ = {isa = PBXFileReference; fileEncoding = 4; lastKnownFileType = sourcecode.c.h; name = WeightMeasurementOptionsTableViewController.h; path = ViewControllers/WeightMeasurementOptionsTableViewController.h; sourceTree = "<group>"; };
		185BA39C17EF45DF001E2481 /* WeightMeasurementOptionsTableViewController.m */ = {isa = PBXFileReference; fileEncoding = 4; lastKnownFileType = sourcecode.c.objc; name = WeightMeasurementOptionsTableViewController.m; path = ViewControllers/WeightMeasurementOptionsTableViewController.m; sourceTree = "<group>"; };
		185E58BA17D529BA006375B3 /* AddCatchNavigationController.h */ = {isa = PBXFileReference; fileEncoding = 4; lastKnownFileType = sourcecode.c.h; name = AddCatchNavigationController.h; path = ViewControllers/AddCatchNavigationController.h; sourceTree = "<group>"; };
		185E58BB17D529BA006375B3 /* AddCatchNavigationController.m */ = {isa = PBXFileReference; fileEncoding = 4; lastKnownFileType = sourcecode.c.objc; name = AddCatchNavigationController.m; path = ViewControllers/AddCatchNavigationController.m; sourceTree = "<group>"; };
		185E58BD17D52EF9006375B3 /* CatchAddedViewController.h */ = {isa = PBXFileReference; fileEncoding = 4; lastKnownFileType = sourcecode.c.h; name = CatchAddedViewController.h; path = ViewControllers/CatchAddedViewController.h; sourceTree = "<group>"; };
		185E58BE17D52EF9006375B3 /* CatchAddedViewController.m */ = {isa = PBXFileReference; fileEncoding = 4; lastKnownFileType = sourcecode.c.objc; name = CatchAddedViewController.m; path = ViewControllers/CatchAddedViewController.m; sourceTree = "<group>"; };
		185E58C017D5405C006375B3 /* AddCatchNotesViewController.h */ = {isa = PBXFileReference; fileEncoding = 4; lastKnownFileType = sourcecode.c.h; name = AddCatchNotesViewController.h; path = ViewControllers/AddCatchNotesViewController.h; sourceTree = "<group>"; };
		185E58C117D5405C006375B3 /* AddCatchNotesViewController.m */ = {isa = PBXFileReference; fileEncoding = 4; lastKnownFileType = sourcecode.c.objc; name = AddCatchNotesViewController.m; path = ViewControllers/AddCatchNotesViewController.m; sourceTree = "<group>"; };
		185E58C317D560DC006375B3 /* CatchPhoto.h */ = {isa = PBXFileReference; fileEncoding = 4; lastKnownFileType = sourcecode.c.h; name = CatchPhoto.h; path = Models/CatchPhoto.h; sourceTree = "<group>"; };
		185E58C417D560DC006375B3 /* CatchPhoto.m */ = {isa = PBXFileReference; fileEncoding = 4; lastKnownFileType = sourcecode.c.objc; name = CatchPhoto.m; path = Models/CatchPhoto.m; sourceTree = "<group>"; };
		185E58C717D6C60C006375B3 /* CatchesMapViewController.h */ = {isa = PBXFileReference; fileEncoding = 4; lastKnownFileType = sourcecode.c.h; name = CatchesMapViewController.h; path = ViewControllers/CatchesMapViewController.h; sourceTree = "<group>"; };
		185E58C817D6C60C006375B3 /* CatchesMapViewController.m */ = {isa = PBXFileReference; fileEncoding = 4; lastKnownFileType = sourcecode.c.objc; name = CatchesMapViewController.m; path = ViewControllers/CatchesMapViewController.m; sourceTree = "<group>"; };
		185E58CB17D6E470006375B3 /* LeaderboardNavigationController.h */ = {isa = PBXFileReference; fileEncoding = 4; lastKnownFileType = sourcecode.c.h; name = LeaderboardNavigationController.h; path = ViewControllers/LeaderboardNavigationController.h; sourceTree = "<group>"; };
		185E58CC17D6E470006375B3 /* LeaderboardNavigationController.m */ = {isa = PBXFileReference; fileEncoding = 4; lastKnownFileType = sourcecode.c.objc; name = LeaderboardNavigationController.m; path = ViewControllers/LeaderboardNavigationController.m; sourceTree = "<group>"; };
		186C894A17EE521900CF3ECC /* LengthMeasurementOptionsTableViewController.h */ = {isa = PBXFileReference; fileEncoding = 4; lastKnownFileType = sourcecode.c.h; name = LengthMeasurementOptionsTableViewController.h; path = ViewControllers/LengthMeasurementOptionsTableViewController.h; sourceTree = "<group>"; };
		186C894B17EE521900CF3ECC /* LengthMeasurementOptionsTableViewController.m */ = {isa = PBXFileReference; fileEncoding = 4; lastKnownFileType = sourcecode.c.objc; name = LengthMeasurementOptionsTableViewController.m; path = ViewControllers/LengthMeasurementOptionsTableViewController.m; sourceTree = "<group>"; };
		188C06C8180F2D4D003C7FFC /* LoadingView.h */ = {isa = PBXFileReference; fileEncoding = 4; lastKnownFileType = sourcecode.c.h; name = LoadingView.h; path = Views/LoadingView.h; sourceTree = "<group>"; };
		188C06C9180F2D4D003C7FFC /* LoadingView.m */ = {isa = PBXFileReference; fileEncoding = 4; lastKnownFileType = sourcecode.c.objc; name = LoadingView.m; path = Views/LoadingView.m; sourceTree = "<group>"; };
		188ED2BC18A3428700F96E4B /* AllMethodsSwitch.h */ = {isa = PBXFileReference; fileEncoding = 4; lastKnownFileType = sourcecode.c.h; name = AllMethodsSwitch.h; path = Models/AllMethodsSwitch.h; sourceTree = "<group>"; };
		188ED2BD18A3428700F96E4B /* AllMethodsSwitch.m */ = {isa = PBXFileReference; fileEncoding = 4; lastKnownFileType = sourcecode.c.objc; name = AllMethodsSwitch.m; path = Models/AllMethodsSwitch.m; sourceTree = "<group>"; };
		188ED2BF18A3515B00F96E4B /* FishingFilterProtocol.h */ = {isa = PBXFileReference; lastKnownFileType = sourcecode.c.h; path = FishingFilterProtocol.h; sourceTree = "<group>"; };
		189ABA7618F4359E00093BE7 /* funnel-mini.png */ = {isa = PBXFileReference; lastKnownFileType = image.png; path = "funnel-mini.png"; sourceTree = "<group>"; };
		189ABA7718F4359E00093BE7 /* funnel-mini@2x.png */ = {isa = PBXFileReference; lastKnownFileType = image.png; path = "funnel-mini@2x.png"; sourceTree = "<group>"; };
		189ABA7A18F608B100093BE7 /* camera-mini-blue.png */ = {isa = PBXFileReference; lastKnownFileType = image.png; path = "camera-mini-blue.png"; sourceTree = "<group>"; };
		189ABA7B18F608B100093BE7 /* camera-mini-blue@2x.png */ = {isa = PBXFileReference; lastKnownFileType = image.png; path = "camera-mini-blue@2x.png"; sourceTree = "<group>"; };
		189ABA7E18F608D700093BE7 /* image-mini-blue.png */ = {isa = PBXFileReference; lastKnownFileType = image.png; path = "image-mini-blue.png"; sourceTree = "<group>"; };
		189ABA7F18F608D700093BE7 /* image-mini-blue@2x.png */ = {isa = PBXFileReference; lastKnownFileType = image.png; path = "image-mini-blue@2x.png"; sourceTree = "<group>"; };
		189ABA8218F608F400093BE7 /* ruler-mini-blue.png */ = {isa = PBXFileReference; lastKnownFileType = image.png; path = "ruler-mini-blue.png"; sourceTree = "<group>"; };
		189ABA8318F608F400093BE7 /* ruler-mini-blue@2x.png */ = {isa = PBXFileReference; lastKnownFileType = image.png; path = "ruler-mini-blue@2x.png"; sourceTree = "<group>"; };
		189ABA8618F6090D00093BE7 /* weight-mini-blue.png */ = {isa = PBXFileReference; lastKnownFileType = image.png; path = "weight-mini-blue.png"; sourceTree = "<group>"; };
		189ABA8718F6090D00093BE7 /* weight-mini-blue@2x.png */ = {isa = PBXFileReference; lastKnownFileType = image.png; path = "weight-mini-blue@2x.png"; sourceTree = "<group>"; };
		189ABA8A18F6092800093BE7 /* circle-overlapping-mini-blue.png */ = {isa = PBXFileReference; lastKnownFileType = image.png; path = "circle-overlapping-mini-blue.png"; sourceTree = "<group>"; };
		189ABA8B18F6092800093BE7 /* circle-overlapping-mini-blue@2x.png */ = {isa = PBXFileReference; lastKnownFileType = image.png; path = "circle-overlapping-mini-blue@2x.png"; sourceTree = "<group>"; };
		189ABA8E18F609AF00093BE7 /* hand-mini-blue.png */ = {isa = PBXFileReference; lastKnownFileType = image.png; path = "hand-mini-blue.png"; sourceTree = "<group>"; };
		189ABA8F18F609AF00093BE7 /* hand-mini-blue@2x.png */ = {isa = PBXFileReference; lastKnownFileType = image.png; path = "hand-mini-blue@2x.png"; sourceTree = "<group>"; };
		189ABA9218F60A4600093BE7 /* sticky-note-mini-blue.png */ = {isa = PBXFileReference; lastKnownFileType = image.png; path = "sticky-note-mini-blue.png"; sourceTree = "<group>"; };
		189ABA9318F60A4600093BE7 /* sticky-note-mini-blue@2x.png */ = {isa = PBXFileReference; lastKnownFileType = image.png; path = "sticky-note-mini-blue@2x.png"; sourceTree = "<group>"; };
		189ABA9618F60AB200093BE7 /* trophy-mini-blue.png */ = {isa = PBXFileReference; lastKnownFileType = image.png; path = "trophy-mini-blue.png"; sourceTree = "<group>"; };
		189ABA9718F60AB200093BE7 /* trophy-mini-blue@2x.png */ = {isa = PBXFileReference; lastKnownFileType = image.png; path = "trophy-mini-blue@2x.png"; sourceTree = "<group>"; };
		189ABA9A18F61B7C00093BE7 /* map-pin-area-mini-blue.png */ = {isa = PBXFileReference; lastKnownFileType = image.png; path = "map-pin-area-mini-blue.png"; sourceTree = "<group>"; };
		189ABA9B18F61B7C00093BE7 /* map-pin-area-mini-blue@2x.png */ = {isa = PBXFileReference; lastKnownFileType = image.png; path = "map-pin-area-mini-blue@2x.png"; sourceTree = "<group>"; };
		18A25CF017EFAFB6007A43F6 /* SpeciesList.h */ = {isa = PBXFileReference; fileEncoding = 4; lastKnownFileType = sourcecode.c.h; name = SpeciesList.h; path = Models/SpeciesList.h; sourceTree = "<group>"; };
		18A25CF117EFAFB6007A43F6 /* SpeciesList.m */ = {isa = PBXFileReference; fileEncoding = 4; lastKnownFileType = sourcecode.c.objc; name = SpeciesList.m; path = Models/SpeciesList.m; sourceTree = "<group>"; };
		18A25CF417EFB662007A43F6 /* SpeciesListTableViewController.h */ = {isa = PBXFileReference; fileEncoding = 4; lastKnownFileType = sourcecode.c.h; name = SpeciesListTableViewController.h; path = ViewControllers/SpeciesListTableViewController.h; sourceTree = "<group>"; };
		18A25CF517EFB662007A43F6 /* SpeciesListTableViewController.m */ = {isa = PBXFileReference; fileEncoding = 4; lastKnownFileType = sourcecode.c.objc; name = SpeciesListTableViewController.m; path = ViewControllers/SpeciesListTableViewController.m; sourceTree = "<group>"; };
		18A7DB9717B6BB2900471456 /* Catch.h */ = {isa = PBXFileReference; fileEncoding = 4; lastKnownFileType = sourcecode.c.h; name = Catch.h; path = Models/Catch.h; sourceTree = "<group>"; };
		18A7DB9817B6BB2900471456 /* Catch.m */ = {isa = PBXFileReference; fileEncoding = 4; lastKnownFileType = sourcecode.c.objc; name = Catch.m; path = Models/Catch.m; sourceTree = "<group>"; };
		18A7DB9A17B6DA1C00471456 /* MainStoryboard.storyboard */ = {isa = PBXFileReference; fileEncoding = 4; lastKnownFileType = file.storyboard; path = MainStoryboard.storyboard; sourceTree = "<group>"; };
		18A7DBA317B6E5AE00471456 /* AddCatchInfoTableViewController.h */ = {isa = PBXFileReference; fileEncoding = 4; lastKnownFileType = sourcecode.c.h; name = AddCatchInfoTableViewController.h; path = ViewControllers/AddCatchInfoTableViewController.h; sourceTree = "<group>"; };
		18A7DBA417B6E5AE00471456 /* AddCatchInfoTableViewController.m */ = {isa = PBXFileReference; fileEncoding = 4; lastKnownFileType = sourcecode.c.objc; name = AddCatchInfoTableViewController.m; path = ViewControllers/AddCatchInfoTableViewController.m; sourceTree = "<group>"; };
		18A80C8E180F6AC60026FF85 /* CatchPhotoScrollViewController.h */ = {isa = PBXFileReference; fileEncoding = 4; lastKnownFileType = sourcecode.c.h; name = CatchPhotoScrollViewController.h; path = ViewControllers/CatchPhotoScrollViewController.h; sourceTree = "<group>"; };
		18A80C8F180F6AC60026FF85 /* CatchPhotoScrollViewController.m */ = {isa = PBXFileReference; fileEncoding = 4; lastKnownFileType = sourcecode.c.objc; name = CatchPhotoScrollViewController.m; path = ViewControllers/CatchPhotoScrollViewController.m; sourceTree = "<group>"; };
		18B1012D1808DE5300330ECB /* UserLoginViewController.h */ = {isa = PBXFileReference; fileEncoding = 4; lastKnownFileType = sourcecode.c.h; name = UserLoginViewController.h; path = ViewControllers/UserLoginViewController.h; sourceTree = "<group>"; };
		18B1012E1808DE5300330ECB /* UserLoginViewController.m */ = {isa = PBXFileReference; fileEncoding = 4; lastKnownFileType = sourcecode.c.objc; name = UserLoginViewController.m; path = ViewControllers/UserLoginViewController.m; sourceTree = "<group>"; };
		18B101301808DED800330ECB /* UserSignupViewController.h */ = {isa = PBXFileReference; fileEncoding = 4; lastKnownFileType = sourcecode.c.h; name = UserSignupViewController.h; path = ViewControllers/UserSignupViewController.h; sourceTree = "<group>"; };
		18B101311808DED800330ECB /* UserSignupViewController.m */ = {isa = PBXFileReference; fileEncoding = 4; lastKnownFileType = sourcecode.c.objc; name = UserSignupViewController.m; path = ViewControllers/UserSignupViewController.m; sourceTree = "<group>"; };
		18BB471D18F8C3FB00B0EDB5 /* ThemedNavigationController.h */ = {isa = PBXFileReference; fileEncoding = 4; lastKnownFileType = sourcecode.c.h; name = ThemedNavigationController.h; path = NavigationControllers/ThemedNavigationController.h; sourceTree = "<group>"; };
		18BB471E18F8C3FB00B0EDB5 /* ThemedNavigationController.m */ = {isa = PBXFileReference; fileEncoding = 4; lastKnownFileType = sourcecode.c.objc; name = ThemedNavigationController.m; path = NavigationControllers/ThemedNavigationController.m; sourceTree = "<group>"; };
		18C1C0AE180A18B9002AE1F8 /* MethodListTableViewController.h */ = {isa = PBXFileReference; fileEncoding = 4; lastKnownFileType = sourcecode.c.h; name = MethodListTableViewController.h; path = ViewControllers/MethodListTableViewController.h; sourceTree = "<group>"; };
		18C1C0AF180A18B9002AE1F8 /* MethodListTableViewController.m */ = {isa = PBXFileReference; fileEncoding = 4; lastKnownFileType = sourcecode.c.objc; name = MethodListTableViewController.m; path = ViewControllers/MethodListTableViewController.m; sourceTree = "<group>"; };
		18C1C0B1180A193C002AE1F8 /* FilterTableViewController.h */ = {isa = PBXFileReference; fileEncoding = 4; lastKnownFileType = sourcecode.c.h; name = FilterTableViewController.h; path = ViewControllers/FilterTableViewController.h; sourceTree = "<group>"; };
		18C1C0B2180A193C002AE1F8 /* FilterTableViewController.m */ = {isa = PBXFileReference; fileEncoding = 4; lastKnownFileType = sourcecode.c.objc; name = FilterTableViewController.m; path = ViewControllers/FilterTableViewController.m; sourceTree = "<group>"; };
		18D2F5831818AB8800E11C6D /* CatchesNavigationController.h */ = {isa = PBXFileReference; fileEncoding = 4; lastKnownFileType = sourcecode.c.h; name = CatchesNavigationController.h; path = ViewControllers/CatchesNavigationController.h; sourceTree = "<group>"; };
		18D2F5841818AB8800E11C6D /* CatchesNavigationController.m */ = {isa = PBXFileReference; fileEncoding = 4; lastKnownFileType = sourcecode.c.objc; name = CatchesNavigationController.m; path = ViewControllers/CatchesNavigationController.m; sourceTree = "<group>"; };
		18D2F6141879C82700FC5B4C /* CatchMapDelegate.h */ = {isa = PBXFileReference; fileEncoding = 4; lastKnownFileType = sourcecode.c.h; path = CatchMapDelegate.h; sourceTree = "<group>"; };
		18DB96EB17C9103B00BFD184 /* TakePhotoViewController.h */ = {isa = PBXFileReference; fileEncoding = 4; lastKnownFileType = sourcecode.c.h; name = TakePhotoViewController.h; path = ViewControllers/TakePhotoViewController.h; sourceTree = "<group>"; };
		18DB96EC17C9103B00BFD184 /* TakePhotoViewController.m */ = {isa = PBXFileReference; fileEncoding = 4; lastKnownFileType = sourcecode.c.objc; name = TakePhotoViewController.m; path = ViewControllers/TakePhotoViewController.m; sourceTree = "<group>"; };
		18DB96EE17C9884900BFD184 /* CustomTabBarController.h */ = {isa = PBXFileReference; fileEncoding = 4; lastKnownFileType = sourcecode.c.h; name = CustomTabBarController.h; path = ViewControllers/CustomTabBarController.h; sourceTree = "<group>"; };
		18DB96EF17C9884900BFD184 /* CustomTabBarController.m */ = {isa = PBXFileReference; fileEncoding = 4; lastKnownFileType = sourcecode.c.objc; name = CustomTabBarController.m; path = ViewControllers/CustomTabBarController.m; sourceTree = "<group>"; };
		18DB96F517CA4FA400BFD184 /* MapKit.framework */ = {isa = PBXFileReference; lastKnownFileType = wrapper.framework; name = MapKit.framework; path = System/Library/Frameworks/MapKit.framework; sourceTree = SDKROOT; };
		18DB96F717CA518800BFD184 /* AddCatchMapLocationViewController.h */ = {isa = PBXFileReference; fileEncoding = 4; lastKnownFileType = sourcecode.c.h; name = AddCatchMapLocationViewController.h; path = ViewControllers/AddCatchMapLocationViewController.h; sourceTree = "<group>"; };
		18DB96F817CA518800BFD184 /* AddCatchMapLocationViewController.m */ = {isa = PBXFileReference; fileEncoding = 4; lastKnownFileType = sourcecode.c.objc; name = AddCatchMapLocationViewController.m; path = ViewControllers/AddCatchMapLocationViewController.m; sourceTree = "<group>"; };
		18DB96FA17CBB92100BFD184 /* CatchMapAnnotation.h */ = {isa = PBXFileReference; fileEncoding = 4; lastKnownFileType = sourcecode.c.h; name = CatchMapAnnotation.h; path = Models/CatchMapAnnotation.h; sourceTree = "<group>"; };
		18DB96FB17CBB92100BFD184 /* CatchMapAnnotation.m */ = {isa = PBXFileReference; fileEncoding = 4; lastKnownFileType = sourcecode.c.objc; name = CatchMapAnnotation.m; path = Models/CatchMapAnnotation.m; sourceTree = "<group>"; };
		18DC2BB7180B7CA100DA95C3 /* CatchDetailTableViewController.h */ = {isa = PBXFileReference; fileEncoding = 4; lastKnownFileType = sourcecode.c.h; path = CatchDetailTableViewController.h; sourceTree = "<group>"; };
		18DC2BB8180B7CA100DA95C3 /* CatchDetailTableViewController.m */ = {isa = PBXFileReference; fileEncoding = 4; lastKnownFileType = sourcecode.c.objc; path = CatchDetailTableViewController.m; sourceTree = "<group>"; };
		18DC2BBB180B802B00DA95C3 /* CatchPhotoDetailView.h */ = {isa = PBXFileReference; fileEncoding = 4; lastKnownFileType = sourcecode.c.h; name = CatchPhotoDetailView.h; path = Views/CatchPhotoDetailView.h; sourceTree = "<group>"; };
		18DC2BBC180B802B00DA95C3 /* CatchPhotoDetailView.m */ = {isa = PBXFileReference; fileEncoding = 4; lastKnownFileType = sourcecode.c.objc; name = CatchPhotoDetailView.m; path = Views/CatchPhotoDetailView.m; sourceTree = "<group>"; };
		18DE0A1B18274D6300F6C607 /* ThemedPFQueryTableViewController.h */ = {isa = PBXFileReference; fileEncoding = 4; lastKnownFileType = sourcecode.c.h; name = ThemedPFQueryTableViewController.h; path = ViewControllers/ThemedPFQueryTableViewController.h; sourceTree = "<group>"; };
		18DE0A1C18274D6300F6C607 /* ThemedPFQueryTableViewController.m */ = {isa = PBXFileReference; fileEncoding = 4; lastKnownFileType = sourcecode.c.objc; name = ThemedPFQueryTableViewController.m; path = ViewControllers/ThemedPFQueryTableViewController.m; sourceTree = "<group>"; };
		18DE0A1F18274EE700F6C607 /* ThemedTableViewController.h */ = {isa = PBXFileReference; fileEncoding = 4; lastKnownFileType = sourcecode.c.h; name = ThemedTableViewController.h; path = ViewControllers/ThemedTableViewController.h; sourceTree = "<group>"; };
		18DE0A2018274EE700F6C607 /* ThemedTableViewController.m */ = {isa = PBXFileReference; fileEncoding = 4; lastKnownFileType = sourcecode.c.objc; name = ThemedTableViewController.m; path = ViewControllers/ThemedTableViewController.m; sourceTree = "<group>"; };
		2FCDD6AF14A573F500295AAC /* QuartzCore.framework */ = {isa = PBXFileReference; lastKnownFileType = wrapper.framework; name = QuartzCore.framework; path = System/Library/Frameworks/QuartzCore.framework; sourceTree = SDKROOT; };
		4998650415BF305000803E05 /* StoreKit.framework */ = {isa = PBXFileReference; lastKnownFileType = wrapper.framework; name = StoreKit.framework; path = System/Library/Frameworks/StoreKit.framework; sourceTree = SDKROOT; };
		6332375315E438E900AE2736 /* libsqlite3.dylib */ = {isa = PBXFileReference; lastKnownFileType = "compiled.mach-o.dylib"; name = libsqlite3.dylib; path = usr/lib/libsqlite3.dylib; sourceTree = SDKROOT; };
		6372FF521613CC3C002132AF /* Accounts.framework */ = {isa = PBXFileReference; lastKnownFileType = wrapper.framework; name = Accounts.framework; path = System/Library/Frameworks/Accounts.framework; sourceTree = SDKROOT; };
		6372FF551613CC42002132AF /* Social.framework */ = {isa = PBXFileReference; lastKnownFileType = wrapper.framework; name = Social.framework; path = System/Library/Frameworks/Social.framework; sourceTree = SDKROOT; };
		6372FF571613CC47002132AF /* AdSupport.framework */ = {isa = PBXFileReference; lastKnownFileType = wrapper.framework; name = AdSupport.framework; path = System/Library/Frameworks/AdSupport.framework; sourceTree = SDKROOT; };
		743D7B6C157DA60100084B67 /* CoreGraphics.framework */ = {isa = PBXFileReference; lastKnownFileType = wrapper.framework; name = CoreGraphics.framework; path = System/Library/Frameworks/CoreGraphics.framework; sourceTree = SDKROOT; };
		97E18B1E1624CB5700B17A67 /* CoreLocation.framework */ = {isa = PBXFileReference; lastKnownFileType = wrapper.framework; name = CoreLocation.framework; path = System/Library/Frameworks/CoreLocation.framework; sourceTree = SDKROOT; };
		C4C51B541613CE0800959FDC /* Default.png */ = {isa = PBXFileReference; lastKnownFileType = image.png; path = Default.png; sourceTree = "<group>"; };
		C4C51B551613CE0800959FDC /* Default-568h@2x.png */ = {isa = PBXFileReference; lastKnownFileType = image.png; path = "Default-568h@2x.png"; sourceTree = "<group>"; };
		C4C51B561613CE0800959FDC /* Default@2x.png */ = {isa = PBXFileReference; lastKnownFileType = image.png; path = "Default@2x.png"; sourceTree = "<group>"; };
/* End PBXFileReference section */

/* Begin PBXFrameworksBuildPhase section */
		09ABC06A13A1D52D009C3FCF /* Frameworks */ = {
			isa = PBXFrameworksBuildPhase;
			buildActionMask = 2147483647;
			files = (
				18DB96F617CA4FA400BFD184 /* MapKit.framework in Frameworks */,
				DD952FCB16E7F5CF00470144 /* CoreLocation.framework in Frameworks */,
				4998650515BF305000803E05 /* StoreKit.framework in Frameworks */,
				743D7B6D157DA60100084B67 /* CoreGraphics.framework in Frameworks */,
				2FCDD6B014A573F500295AAC /* QuartzCore.framework in Frameworks */,
				099CCEAD13F9E3760039A464 /* libz.1.1.3.dylib in Frameworks */,
				09BEF34C13D51C3F001BBCDB /* Security.framework in Frameworks */,
				095ACE8613C68EA300566243 /* AudioToolbox.framework in Frameworks */,
				092354B713A1D83C00DA740F /* MobileCoreServices.framework in Frameworks */,
				092354B513A1D7F000DA740F /* SystemConfiguration.framework in Frameworks */,
				092354B313A1D7EB00DA740F /* CFNetwork.framework in Frameworks */,
				09ABC07213A1D52D009C3FCF /* UIKit.framework in Frameworks */,
				09ABC07413A1D52D009C3FCF /* Foundation.framework in Frameworks */,
				094ACA0014367ACD008398F8 /* Parse.framework in Frameworks */,
			);
			runOnlyForDeploymentPostprocessing = 0;
		};
/* End PBXFrameworksBuildPhase section */

/* Begin PBXGroup section */
		09ABC06213A1D52D009C3FCF = {
			isa = PBXGroup;
			children = (
				09ABC07713A1D52D009C3FCF /* TopFish */,
				09ABC07013A1D52D009C3FCF /* Frameworks */,
				09ABC06E13A1D52D009C3FCF /* Products */,
			);
			sourceTree = "<group>";
		};
		09ABC06E13A1D52D009C3FCF /* Products */ = {
			isa = PBXGroup;
			children = (
				09ABC06D13A1D52D009C3FCF /* TopFish.app */,
			);
			name = Products;
			sourceTree = "<group>";
		};
		09ABC07013A1D52D009C3FCF /* Frameworks */ = {
			isa = PBXGroup;
			children = (
				18DB96F517CA4FA400BFD184 /* MapKit.framework */,
				6372FF571613CC47002132AF /* AdSupport.framework */,
				6372FF551613CC42002132AF /* Social.framework */,
				6372FF521613CC3C002132AF /* Accounts.framework */,
				095ACE8513C68EA300566243 /* AudioToolbox.framework */,
				092354B213A1D7EB00DA740F /* CFNetwork.framework */,
				743D7B6C157DA60100084B67 /* CoreGraphics.framework */,
				97E18B1E1624CB5700B17A67 /* CoreLocation.framework */,
				09ABC07313A1D52D009C3FCF /* Foundation.framework */,
				6332375315E438E900AE2736 /* libsqlite3.dylib */,
				099CCEAC13F9E3760039A464 /* libz.1.1.3.dylib */,
				092354B613A1D83C00DA740F /* MobileCoreServices.framework */,
				094AC9FF14367ACD008398F8 /* Parse.framework */,
				2FCDD6AF14A573F500295AAC /* QuartzCore.framework */,
				09BEF34B13D51C3F001BBCDB /* Security.framework */,
				4998650415BF305000803E05 /* StoreKit.framework */,
				092354B413A1D7F000DA740F /* SystemConfiguration.framework */,
				09ABC07113A1D52D009C3FCF /* UIKit.framework */,
			);
			name = Frameworks;
			sourceTree = "<group>";
		};
		09ABC07713A1D52D009C3FCF /* TopFish */ = {
			isa = PBXGroup;
			children = (
				18D2F6131879C82700FC5B4C /* Protocols */,
				18DC2BBA180B7FEF00DA95C3 /* Views */,
				18A7DBAA17B852CB00471456 /* External Libraries */,
				18A7DB9C17B6DEFD00471456 /* ViewControllers */,
				18A7DB9617B6BAE200471456 /* Models */,
				09ABC08013A1D52D009C3FCF /* TopFishAppDelegate.h */,
				09ABC08113A1D52D009C3FCF /* TopFishAppDelegate.m */,
				09ABC08613A1D52E009C3FCF /* TopFishViewController.h */,
				09ABC08713A1D52E009C3FCF /* TopFishViewController.m */,
				09ABC07813A1D52D009C3FCF /* Supporting Files */,
				18A7DB9A17B6DA1C00471456 /* MainStoryboard.storyboard */,
				18251164181CD89400D5909B /* Images.xcassets */,
			);
			name = TopFish;
			path = ParseStarterProject;
			sourceTree = "<group>";
		};
		09ABC07813A1D52D009C3FCF /* Supporting Files */ = {
			isa = PBXGroup;
			children = (
				189ABA9218F60A4600093BE7 /* sticky-note-mini-blue.png */,
				189ABA9318F60A4600093BE7 /* sticky-note-mini-blue@2x.png */,
				189ABA8E18F609AF00093BE7 /* hand-mini-blue.png */,
				189ABA8F18F609AF00093BE7 /* hand-mini-blue@2x.png */,
				189ABA9A18F61B7C00093BE7 /* map-pin-area-mini-blue.png */,
				189ABA9B18F61B7C00093BE7 /* map-pin-area-mini-blue@2x.png */,
				189ABA8A18F6092800093BE7 /* circle-overlapping-mini-blue.png */,
				189ABA8B18F6092800093BE7 /* circle-overlapping-mini-blue@2x.png */,
				189ABA8618F6090D00093BE7 /* weight-mini-blue.png */,
				189ABA8718F6090D00093BE7 /* weight-mini-blue@2x.png */,
				189ABA8218F608F400093BE7 /* ruler-mini-blue.png */,
				189ABA8318F608F400093BE7 /* ruler-mini-blue@2x.png */,
				189ABA7E18F608D700093BE7 /* image-mini-blue.png */,
				189ABA7F18F608D700093BE7 /* image-mini-blue@2x.png */,
				1825114F181CD77300D5909B /* Icons */,
				1825114B181CB60E00D5909B /* map-pin-mini.png */,
				1825114C181CB60E00D5909B /* map-pin-mini@2x.png */,
				18251149181C990200D5909B /* first-place-badge@2x.png */,
				18251147181C97CA00D5909B /* first-place-badge.png */,
				1825113F181C867500D5909B /* sticky-note-mini.png */,
				18251140181C867500D5909B /* sticky-note-mini@2x.png */,
				189ABA9618F60AB200093BE7 /* trophy-mini-blue.png */,
				189ABA9718F60AB200093BE7 /* trophy-mini-blue@2x.png */,
				18251141181C867500D5909B /* trophy-mini-grey.png */,
				18251142181C867500D5909B /* trophy-mini-grey@2x.png */,
				18251137181C830600D5909B /* map-pin-area-mini-grey.png */,
				18251138181C830600D5909B /* map-pin-area-mini-grey@2x.png */,
				18251139181C830600D5909B /* map-pin-down-mini.png */,
				189ABA7A18F608B100093BE7 /* camera-mini-blue.png */,
				189ABA7B18F608B100093BE7 /* camera-mini-blue@2x.png */,
				1825113A181C830600D5909B /* map-pin-down-mini@2x.png */,
				1825112F181C829500D5909B /* circle-overlapping-mini.png */,
				18251130181C829500D5909B /* circle-overlapping-mini@2x.png */,
				189ABA7618F4359E00093BE7 /* funnel-mini.png */,
				189ABA7718F4359E00093BE7 /* funnel-mini@2x.png */,
				18251131181C829500D5909B /* hand-mini.png */,
				18251132181C829500D5909B /* hand-mini@2x.png */,
				1825111F181C7E7500D5909B /* camera-mini.png */,
				18251120181C7E7500D5909B /* camera-mini@2x.png */,
				18251121181C7E7500D5909B /* image-mini.png */,
				18251122181C7E7500D5909B /* image-mini@2x.png */,
				18251123181C7E7500D5909B /* ruler-mini.png */,
				18251124181C7E7500D5909B /* ruler-mini@2x.png */,
				18251125181C7E7500D5909B /* weight-mini.png */,
				18251126181C7E7500D5909B /* weight-mini@2x.png */,
				18251113181B86FB00D5909B /* add-catch-button.png */,
				18251114181B86FB00D5909B /* add-catch-button@2x.png */,
				1825110F181B843C00D5909B /* shopping-bag-mini.png */,
				18251110181B843C00D5909B /* shopping-bag-mini@2x.png */,
				1825110B181B7B4900D5909B /* man-mini.png */,
				1825110C181B7B4900D5909B /* man-mini@2x.png */,
				18251107181B799A00D5909B /* map-pin-area-mini@2x.png */,
				18251108181B799A00D5909B /* trophy-mini@2x.png */,
				1818F01617D80C8500EF425C /* fish-default-photo.png */,
				C4C51B541613CE0800959FDC /* Default.png */,
				C4C51B561613CE0800959FDC /* Default@2x.png */,
				C4C51B551613CE0800959FDC /* Default-568h@2x.png */,
				09ABC07913A1D52D009C3FCF /* TopFish-Info.plist */,
				09144A7213C2997E00388B00 /* Entitlements.plist */,
				09ABC07A13A1D52D009C3FCF /* InfoPlist.strings */,
				09ABC07D13A1D52D009C3FCF /* TopFish-Prefix.pch */,
				09ABC07E13A1D52D009C3FCF /* main.m */,
			);
			name = "Supporting Files";
			sourceTree = "<group>";
		};
		1818F01217D8043500EF425C /* Profile */ = {
			isa = PBXGroup;
			children = (
				1818F01817D81E5A00EF425C /* ProfileTableViewController.h */,
				1818F01917D81E5A00EF425C /* ProfileTableViewController.m */,
				1818F01B17D81E9D00EF425C /* ProfileNavigationController.h */,
				1818F01C17D81E9D00EF425C /* ProfileNavigationController.m */,
			);
			name = Profile;
			sourceTree = "<group>";
		};
		1825114F181CD77300D5909B /* Icons */ = {
			isa = PBXGroup;
			children = (
				18251150181CD78400D5909B /* AppIcon29x29.png */,
				18251151181CD78400D5909B /* Icon@2x.png */,
				18251152181CD78400D5909B /* AppIcon40x40.png */,
				18251153181CD78400D5909B /* Icon~iphone.png */,
				18251154181CD78400D5909B /* AppIcon60x60.png */,
				18251155181CD78400D5909B /* Icon.png */,
				18251156181CD78400D5909B /* AppIcon76x76.png */,
				18251157181CD78400D5909B /* AppIcon76x76@2x.png */,
				18251158181CD78400D5909B /* iTunesArtwork.png */,
				18251159181CD78400D5909B /* iTunesArtwork@2x.png */,
			);
			name = Icons;
			sourceTree = "<group>";
		};
		185E58C617D6C5A5006375B3 /* Map */ = {
			isa = PBXGroup;
			children = (
				185E58C717D6C60C006375B3 /* CatchesMapViewController.h */,
				185E58C817D6C60C006375B3 /* CatchesMapViewController.m */,
			);
			name = Map;
			sourceTree = "<group>";
		};
		185E58CA17D6E413006375B3 /* Leaderboard */ = {
			isa = PBXGroup;
			children = (
				185E58CB17D6E470006375B3 /* LeaderboardNavigationController.h */,
				185E58CC17D6E470006375B3 /* LeaderboardNavigationController.m */,
				1818F00F17D7FD8F00EF425C /* LeaderboardTableViewController.h */,
				1818F01017D7FD8F00EF425C /* LeaderboardTableViewController.m */,
				18C1C0B1180A193C002AE1F8 /* FilterTableViewController.h */,
				18C1C0B2180A193C002AE1F8 /* FilterTableViewController.m */,
				18534DA718142CE4007F046A /* LeaderboardTableViewCell.h */,
				18534DA818142CE4007F046A /* LeaderboardTableViewCell.m */,
				18534DB01814498A007F046A /* LeaderboardTableViewCellFirst.h */,
				18534DB11814498A007F046A /* LeaderboardTableViewCellFirst.m */,
			);
			name = Leaderboard;
			sourceTree = "<group>";
		};
		187004CF17D28AD800B711D4 /* AddCatch */ = {
			isa = PBXGroup;
			children = (
				18A7DBA317B6E5AE00471456 /* AddCatchInfoTableViewController.h */,
				18A7DBA417B6E5AE00471456 /* AddCatchInfoTableViewController.m */,
				18DB96EB17C9103B00BFD184 /* TakePhotoViewController.h */,
				18DB96EC17C9103B00BFD184 /* TakePhotoViewController.m */,
				18DB96F717CA518800BFD184 /* AddCatchMapLocationViewController.h */,
				18DB96F817CA518800BFD184 /* AddCatchMapLocationViewController.m */,
				185E58BA17D529BA006375B3 /* AddCatchNavigationController.h */,
				185E58BB17D529BA006375B3 /* AddCatchNavigationController.m */,
				185E58BD17D52EF9006375B3 /* CatchAddedViewController.h */,
				185E58BE17D52EF9006375B3 /* CatchAddedViewController.m */,
				185E58C017D5405C006375B3 /* AddCatchNotesViewController.h */,
				185E58C117D5405C006375B3 /* AddCatchNotesViewController.m */,
				186C894A17EE521900CF3ECC /* LengthMeasurementOptionsTableViewController.h */,
				186C894B17EE521900CF3ECC /* LengthMeasurementOptionsTableViewController.m */,
				185BA39B17EF45DF001E2481 /* WeightMeasurementOptionsTableViewController.h */,
				185BA39C17EF45DF001E2481 /* WeightMeasurementOptionsTableViewController.m */,
			);
			name = AddCatch;
			sourceTree = "<group>";
		};
		18A25CF317EFB644007A43F6 /* Shared */ = {
			isa = PBXGroup;
			children = (
				18DE0A1E18274EC200F6C607 /* Theme */,
				18A25CF417EFB662007A43F6 /* SpeciesListTableViewController.h */,
				18A25CF517EFB662007A43F6 /* SpeciesListTableViewController.m */,
				18C1C0AE180A18B9002AE1F8 /* MethodListTableViewController.h */,
				18C1C0AF180A18B9002AE1F8 /* MethodListTableViewController.m */,
				18DC2BB7180B7CA100DA95C3 /* CatchDetailTableViewController.h */,
				18DC2BB8180B7CA100DA95C3 /* CatchDetailTableViewController.m */,
				188C06C8180F2D4D003C7FFC /* LoadingView.h */,
				188C06C9180F2D4D003C7FFC /* LoadingView.m */,
				18A80C8E180F6AC60026FF85 /* CatchPhotoScrollViewController.h */,
				18A80C8F180F6AC60026FF85 /* CatchPhotoScrollViewController.m */,
			);
			name = Shared;
			sourceTree = "<group>";
		};
		18A7DB9617B6BAE200471456 /* Models */ = {
			isa = PBXGroup;
			children = (
				18A7DB9717B6BB2900471456 /* Catch.h */,
				18A7DB9817B6BB2900471456 /* Catch.m */,
				18DB96FA17CBB92100BFD184 /* CatchMapAnnotation.h */,
				18DB96FB17CBB92100BFD184 /* CatchMapAnnotation.m */,
				185E58C317D560DC006375B3 /* CatchPhoto.h */,
				185E58C417D560DC006375B3 /* CatchPhoto.m */,
				18A25CF017EFAFB6007A43F6 /* SpeciesList.h */,
				18A25CF117EFAFB6007A43F6 /* SpeciesList.m */,
				1846418717EFCEA10080D7FF /* Fish.h */,
				1846418817EFCEA10080D7FF /* Fish.m */,
				1844C00F180AEE4A0064BC19 /* MethodList.h */,
				1844C010180AEE4A0064BC19 /* MethodList.m */,
				188ED2BC18A3428700F96E4B /* AllMethodsSwitch.h */,
				188ED2BD18A3428700F96E4B /* AllMethodsSwitch.m */,
			);
			name = Models;
			sourceTree = "<group>";
		};
		18A7DB9C17B6DEFD00471456 /* ViewControllers */ = {
			isa = PBXGroup;
			children = (
				18D2F5821818AAEA00E11C6D /* Catches */,
				18B1012C1808DE1000330ECB /* Login */,
				18A25CF317EFB644007A43F6 /* Shared */,
				1818F01217D8043500EF425C /* Profile */,
				185E58CA17D6E413006375B3 /* Leaderboard */,
				185E58C617D6C5A5006375B3 /* Map */,
				187004CF17D28AD800B711D4 /* AddCatch */,
				18DB96EE17C9884900BFD184 /* CustomTabBarController.h */,
				18DB96EF17C9884900BFD184 /* CustomTabBarController.m */,
			);
			name = ViewControllers;
			sourceTree = "<group>";
		};
		18A7DBAA17B852CB00471456 /* External Libraries */ = {
			isa = PBXGroup;
			children = (
			);
			name = "External Libraries";
			sourceTree = "<group>";
		};
		18B1012C1808DE1000330ECB /* Login */ = {
			isa = PBXGroup;
			children = (
				18B1012D1808DE5300330ECB /* UserLoginViewController.h */,
				18B1012E1808DE5300330ECB /* UserLoginViewController.m */,
				18B101301808DED800330ECB /* UserSignupViewController.h */,
				18B101311808DED800330ECB /* UserSignupViewController.m */,
			);
			name = Login;
			sourceTree = "<group>";
		};
		18D2F5821818AAEA00E11C6D /* Catches */ = {
			isa = PBXGroup;
			children = (
				1818F01317D8046F00EF425C /* CatchesTableViewController.h */,
				1818F01417D8046F00EF425C /* CatchesTableViewController.m */,
				18D2F5831818AB8800E11C6D /* CatchesNavigationController.h */,
				18D2F5841818AB8800E11C6D /* CatchesNavigationController.m */,
				18251166181CDE8E00D5909B /* CatchTableViewCell.h */,
				18251167181CDE8E00D5909B /* CatchTableViewCell.m */,
			);
			name = Catches;
			sourceTree = "<group>";
		};
		18D2F6131879C82700FC5B4C /* Protocols */ = {
			isa = PBXGroup;
			children = (
				18D2F6141879C82700FC5B4C /* CatchMapDelegate.h */,
				188ED2BF18A3515B00F96E4B /* FishingFilterProtocol.h */,
			);
			path = Protocols;
			sourceTree = "<group>";
		};
		18DC2BBA180B7FEF00DA95C3 /* Views */ = {
			isa = PBXGroup;
			children = (
				18DC2BBB180B802B00DA95C3 /* CatchPhotoDetailView.h */,
				18DC2BBC180B802B00DA95C3 /* CatchPhotoDetailView.m */,
			);
			name = Views;
			sourceTree = "<group>";
		};
		18DE0A1E18274EC200F6C607 /* Theme */ = {
			isa = PBXGroup;
			children = (
				18DE0A1B18274D6300F6C607 /* ThemedPFQueryTableViewController.h */,
				18DE0A1C18274D6300F6C607 /* ThemedPFQueryTableViewController.m */,
				18DE0A1F18274EE700F6C607 /* ThemedTableViewController.h */,
				18DE0A2018274EE700F6C607 /* ThemedTableViewController.m */,
				18BB471D18F8C3FB00B0EDB5 /* ThemedNavigationController.h */,
				18BB471E18F8C3FB00B0EDB5 /* ThemedNavigationController.m */,
			);
			name = Theme;
			sourceTree = "<group>";
		};
/* End PBXGroup section */

/* Begin PBXNativeTarget section */
		09ABC06C13A1D52D009C3FCF /* TopFish */ = {
			isa = PBXNativeTarget;
			buildConfigurationList = 09ABC08E13A1D52E009C3FCF /* Build configuration list for PBXNativeTarget "TopFish" */;
			buildPhases = (
				09ABC06913A1D52D009C3FCF /* Sources */,
				09ABC06A13A1D52D009C3FCF /* Frameworks */,
				09ABC06B13A1D52D009C3FCF /* Resources */,
			);
			buildRules = (
			);
			dependencies = (
			);
			name = TopFish;
			productName = ParseStarterProject;
			productReference = 09ABC06D13A1D52D009C3FCF /* TopFish.app */;
			productType = "com.apple.product-type.application";
		};
/* End PBXNativeTarget section */

/* Begin PBXProject section */
		09ABC06413A1D52D009C3FCF /* Project object */ = {
			isa = PBXProject;
			attributes = {
				LastUpgradeCheck = 0500;
				TargetAttributes = {
					09ABC06C13A1D52D009C3FCF = {
						DevelopmentTeam = 26LGK9R9JN;
					};
				};
			};
			buildConfigurationList = 09ABC06713A1D52D009C3FCF /* Build configuration list for PBXProject "TopFish" */;
			compatibilityVersion = "Xcode 3.2";
			developmentRegion = English;
			hasScannedForEncodings = 0;
			knownRegions = (
				en,
			);
			mainGroup = 09ABC06213A1D52D009C3FCF;
			productRefGroup = 09ABC06E13A1D52D009C3FCF /* Products */;
			projectDirPath = "";
			projectRoot = "";
			targets = (
				09ABC06C13A1D52D009C3FCF /* TopFish */,
			);
		};
/* End PBXProject section */

/* Begin PBXResourcesBuildPhase section */
		09ABC06B13A1D52D009C3FCF /* Resources */ = {
			isa = PBXResourcesBuildPhase;
			buildActionMask = 2147483647;
			files = (
				189ABA9C18F61B7C00093BE7 /* map-pin-area-mini-blue.png in Resources */,
				1825112C181C7E7500D5909B /* ruler-mini@2x.png in Resources */,
				18251165181CD89400D5909B /* Images.xcassets in Resources */,
				18251161181CD78400D5909B /* AppIcon76x76@2x.png in Resources */,
				18251144181C867500D5909B /* sticky-note-mini@2x.png in Resources */,
				09ABC07C13A1D52D009C3FCF /* InfoPlist.strings in Resources */,
				189ABA8C18F6092800093BE7 /* circle-overlapping-mini-blue.png in Resources */,
				18251134181C829500D5909B /* circle-overlapping-mini@2x.png in Resources */,
				18251146181C867500D5909B /* trophy-mini-grey@2x.png in Resources */,
				18251162181CD78400D5909B /* iTunesArtwork.png in Resources */,
				1825113D181C830600D5909B /* map-pin-down-mini.png in Resources */,
				18251148181C97CA00D5909B /* first-place-badge.png in Resources */,
				18251112181B843C00D5909B /* shopping-bag-mini@2x.png in Resources */,
				189ABA8918F6090D00093BE7 /* weight-mini-blue@2x.png in Resources */,
				1825114E181CB60E00D5909B /* map-pin-mini@2x.png in Resources */,
				1825110D181B7B4900D5909B /* man-mini.png in Resources */,
				1825115F181CD78400D5909B /* Icon.png in Resources */,
				189ABA9D18F61B7C00093BE7 /* map-pin-area-mini-blue@2x.png in Resources */,
				1825112A181C7E7500D5909B /* image-mini@2x.png in Resources */,
				1825110E181B7B4900D5909B /* man-mini@2x.png in Resources */,
				18251160181CD78400D5909B /* AppIcon76x76.png in Resources */,
				189ABA9818F60AB200093BE7 /* trophy-mini-blue.png in Resources */,
				18251163181CD78400D5909B /* iTunesArtwork@2x.png in Resources */,
				09144A7313C2997E00388B00 /* Entitlements.plist in Resources */,
				1825115C181CD78400D5909B /* AppIcon40x40.png in Resources */,
				1825115D181CD78400D5909B /* Icon~iphone.png in Resources */,
				1825112E181C7E7500D5909B /* weight-mini@2x.png in Resources */,
				18251127181C7E7500D5909B /* camera-mini.png in Resources */,
				1825112D181C7E7500D5909B /* weight-mini.png in Resources */,
				1825113E181C830600D5909B /* map-pin-down-mini@2x.png in Resources */,
				C4C51B571613CE0800959FDC /* Default.png in Resources */,
				189ABA8518F608F400093BE7 /* ruler-mini-blue@2x.png in Resources */,
				C4C51B581613CE0800959FDC /* Default-568h@2x.png in Resources */,
				1825115E181CD78400D5909B /* AppIcon60x60.png in Resources */,
				1825114A181C990200D5909B /* first-place-badge@2x.png in Resources */,
				189ABA8118F608D700093BE7 /* image-mini-blue@2x.png in Resources */,
				189ABA8818F6090D00093BE7 /* weight-mini-blue.png in Resources */,
				189ABA8018F608D700093BE7 /* image-mini-blue.png in Resources */,
				18251145181C867500D5909B /* trophy-mini-grey.png in Resources */,
				1825110A181B799A00D5909B /* trophy-mini@2x.png in Resources */,
				18251136181C829500D5909B /* hand-mini@2x.png in Resources */,
				189ABA7D18F608B100093BE7 /* camera-mini-blue@2x.png in Resources */,
				1825115B181CD78400D5909B /* Icon@2x.png in Resources */,
				C4C51B591613CE0800959FDC /* Default@2x.png in Resources */,
				189ABA9018F609AF00093BE7 /* hand-mini-blue.png in Resources */,
				189ABA9518F60A4600093BE7 /* sticky-note-mini-blue@2x.png in Resources */,
				18251135181C829500D5909B /* hand-mini.png in Resources */,
				189ABA9918F60AB200093BE7 /* trophy-mini-blue@2x.png in Resources */,
				189ABA7818F4359E00093BE7 /* funnel-mini.png in Resources */,
				18251133181C829500D5909B /* circle-overlapping-mini.png in Resources */,
				189ABA7918F4359E00093BE7 /* funnel-mini@2x.png in Resources */,
				189ABA7C18F608B100093BE7 /* camera-mini-blue.png in Resources */,
				18251115181B86FB00D5909B /* add-catch-button.png in Resources */,
				1825115A181CD78400D5909B /* AppIcon29x29.png in Resources */,
				189ABA9418F60A4600093BE7 /* sticky-note-mini-blue.png in Resources */,
				18251109181B799A00D5909B /* map-pin-area-mini@2x.png in Resources */,
				18251111181B843C00D5909B /* shopping-bag-mini.png in Resources */,
				18A7DB9B17B6DA1C00471456 /* MainStoryboard.storyboard in Resources */,
				1825113C181C830600D5909B /* map-pin-area-mini-grey@2x.png in Resources */,
				1825113B181C830600D5909B /* map-pin-area-mini-grey.png in Resources */,
				18251129181C7E7500D5909B /* image-mini.png in Resources */,
				18251143181C867500D5909B /* sticky-note-mini.png in Resources */,
				18251116181B86FB00D5909B /* add-catch-button@2x.png in Resources */,
				1825112B181C7E7500D5909B /* ruler-mini.png in Resources */,
				189ABA8418F608F400093BE7 /* ruler-mini-blue.png in Resources */,
				1825114D181CB60E00D5909B /* map-pin-mini.png in Resources */,
				189ABA9118F609AF00093BE7 /* hand-mini-blue@2x.png in Resources */,
				1818F01717D80C8500EF425C /* fish-default-photo.png in Resources */,
				18251128181C7E7500D5909B /* camera-mini@2x.png in Resources */,
				189ABA8D18F6092800093BE7 /* circle-overlapping-mini-blue@2x.png in Resources */,
			);
			runOnlyForDeploymentPostprocessing = 0;
		};
/* End PBXResourcesBuildPhase section */

/* Begin PBXSourcesBuildPhase section */
		09ABC06913A1D52D009C3FCF /* Sources */ = {
			isa = PBXSourcesBuildPhase;
			buildActionMask = 2147483647;
			files = (
				18BB471F18F8C3FB00B0EDB5 /* ThemedNavigationController.m in Sources */,
				18DE0A2118274EE700F6C607 /* ThemedTableViewController.m in Sources */,
				18534DB21814498A007F046A /* LeaderboardTableViewCellFirst.m in Sources */,
				09ABC07F13A1D52D009C3FCF /* main.m in Sources */,
				188C06CA180F2D4D003C7FFC /* LoadingView.m in Sources */,
				09ABC08213A1D52D009C3FCF /* TopFishAppDelegate.m in Sources */,
				18A25CF617EFB662007A43F6 /* SpeciesListTableViewController.m in Sources */,
				1846418917EFCEA10080D7FF /* Fish.m in Sources */,
				09ABC08813A1D52E009C3FCF /* TopFishViewController.m in Sources */,
				188ED2BE18A3428700F96E4B /* AllMethodsSwitch.m in Sources */,
				18DC2BBD180B802B00DA95C3 /* CatchPhotoDetailView.m in Sources */,
				18A7DB9917B6BB2900471456 /* Catch.m in Sources */,
				18B1012F1808DE5300330ECB /* UserLoginViewController.m in Sources */,
				18A7DBA517B6E5AE00471456 /* AddCatchInfoTableViewController.m in Sources */,
				18DB96ED17C9103B00BFD184 /* TakePhotoViewController.m in Sources */,
				18A25CF217EFAFB6007A43F6 /* SpeciesList.m in Sources */,
				18DB96F017C9884900BFD184 /* CustomTabBarController.m in Sources */,
				1844C011180AEE4A0064BC19 /* MethodList.m in Sources */,
				18D2F5851818AB8800E11C6D /* CatchesNavigationController.m in Sources */,
				18A80C90180F6AC60026FF85 /* CatchPhotoScrollViewController.m in Sources */,
				18534DA918142CE4007F046A /* LeaderboardTableViewCell.m in Sources */,
				18DB96F917CA518800BFD184 /* AddCatchMapLocationViewController.m in Sources */,
				18DB96FC17CBB92100BFD184 /* CatchMapAnnotation.m in Sources */,
				185E58BC17D529BA006375B3 /* AddCatchNavigationController.m in Sources */,
				185E58BF17D52EF9006375B3 /* CatchAddedViewController.m in Sources */,
				18DE0A1D18274D6300F6C607 /* ThemedPFQueryTableViewController.m in Sources */,
				186C894C17EE521900CF3ECC /* LengthMeasurementOptionsTableViewController.m in Sources */,
				185E58C217D5405C006375B3 /* AddCatchNotesViewController.m in Sources */,
				185E58C517D560DC006375B3 /* CatchPhoto.m in Sources */,
				185BA39D17EF45DF001E2481 /* WeightMeasurementOptionsTableViewController.m in Sources */,
				185E58C917D6C60C006375B3 /* CatchesMapViewController.m in Sources */,
				18DC2BB9180B7CA100DA95C3 /* CatchDetailTableViewController.m in Sources */,
				185E58CD17D6E470006375B3 /* LeaderboardNavigationController.m in Sources */,
				18B101321808DED800330ECB /* UserSignupViewController.m in Sources */,
				18251168181CDE8E00D5909B /* CatchTableViewCell.m in Sources */,
				1818F01117D7FD8F00EF425C /* LeaderboardTableViewController.m in Sources */,
				18C1C0B3180A193C002AE1F8 /* FilterTableViewController.m in Sources */,
				18C1C0B0180A18B9002AE1F8 /* MethodListTableViewController.m in Sources */,
				1818F01517D8046F00EF425C /* CatchesTableViewController.m in Sources */,
				1818F01A17D81E5A00EF425C /* ProfileTableViewController.m in Sources */,
				1818F01D17D81E9D00EF425C /* ProfileNavigationController.m in Sources */,
			);
			runOnlyForDeploymentPostprocessing = 0;
		};
/* End PBXSourcesBuildPhase section */

/* Begin PBXVariantGroup section */
		09ABC07A13A1D52D009C3FCF /* InfoPlist.strings */ = {
			isa = PBXVariantGroup;
			children = (
				09ABC07B13A1D52D009C3FCF /* en */,
			);
			name = InfoPlist.strings;
			sourceTree = "<group>";
		};
/* End PBXVariantGroup section */

/* Begin XCBuildConfiguration section */
		09ABC08C13A1D52E009C3FCF /* Debug */ = {
			isa = XCBuildConfiguration;
			buildSettings = {
				CLANG_WARN_BOOL_CONVERSION = YES;
				CLANG_WARN_CONSTANT_CONVERSION = YES;
				CLANG_WARN_EMPTY_BODY = YES;
				CLANG_WARN_ENUM_CONVERSION = YES;
				CLANG_WARN_INT_CONVERSION = YES;
				CLANG_WARN__DUPLICATE_METHOD_MATCH = YES;
				CODE_SIGN_IDENTITY = "iPhone Developer: Brycen Rogers (AZ2UH3PCFV)";
				"CODE_SIGN_IDENTITY[sdk=iphoneos*]" = "";
				GCC_C_LANGUAGE_STANDARD = gnu99;
				GCC_OPTIMIZATION_LEVEL = 0;
				GCC_PREPROCESSOR_DEFINITIONS = DEBUG;
				GCC_SYMBOLS_PRIVATE_EXTERN = NO;
				GCC_VERSION = "";
				GCC_WARN_ABOUT_RETURN_TYPE = YES;
				GCC_WARN_UNDECLARED_SELECTOR = YES;
				GCC_WARN_UNINITIALIZED_AUTOS = YES;
				GCC_WARN_UNUSED_FUNCTION = YES;
				GCC_WARN_UNUSED_VARIABLE = YES;
				"INFOPLIST_FILE[sdk=*]" = "TopFish-Info.plist";
				IPHONEOS_DEPLOYMENT_TARGET = 7.0;
				ONLY_ACTIVE_ARCH = YES;
				PROVISIONING_PROFILE = "0886F5A4-6B1A-45AF-9A86-AF0D5E9A8940";
				SDKROOT = iphoneos;
			};
			name = Debug;
		};
		09ABC08D13A1D52E009C3FCF /* Release */ = {
			isa = XCBuildConfiguration;
			buildSettings = {
				CLANG_WARN_BOOL_CONVERSION = YES;
				CLANG_WARN_CONSTANT_CONVERSION = YES;
				CLANG_WARN_EMPTY_BODY = YES;
				CLANG_WARN_ENUM_CONVERSION = YES;
				CLANG_WARN_INT_CONVERSION = YES;
				CLANG_WARN__DUPLICATE_METHOD_MATCH = YES;
				CODE_SIGN_IDENTITY = "iPhone Developer: Brycen Rogers (AZ2UH3PCFV)";
				"CODE_SIGN_IDENTITY[sdk=iphoneos*]" = "";
				GCC_C_LANGUAGE_STANDARD = gnu99;
				GCC_VERSION = "";
				GCC_WARN_ABOUT_RETURN_TYPE = YES;
				GCC_WARN_UNDECLARED_SELECTOR = YES;
				GCC_WARN_UNINITIALIZED_AUTOS = YES;
				GCC_WARN_UNUSED_FUNCTION = YES;
				GCC_WARN_UNUSED_VARIABLE = YES;
				"INFOPLIST_FILE[sdk=*]" = "TopFish-Info.plist";
				IPHONEOS_DEPLOYMENT_TARGET = 7.0;
				OTHER_CFLAGS = "-DNS_BLOCK_ASSERTIONS=1";
				PROVISIONING_PROFILE = "0886F5A4-6B1A-45AF-9A86-AF0D5E9A8940";
				SDKROOT = iphoneos;
			};
			name = Release;
		};
		09ABC08F13A1D52E009C3FCF /* Debug */ = {
			isa = XCBuildConfiguration;
			buildSettings = {
				ALWAYS_SEARCH_USER_PATHS = NO;
				ASSETCATALOG_COMPILER_APPICON_NAME = AppIcon;
				ASSETCATALOG_COMPILER_LAUNCHIMAGE_NAME = LaunchImage;
				CLANG_ENABLE_OBJC_ARC = YES;
				CODE_SIGN_IDENTITY = "iPhone Developer";
				COPY_PHASE_STRIP = NO;
				FRAMEWORK_SEARCH_PATHS = (
					"$(inherited)",
					"\"$(SRCROOT)\"",
				);
				GCC_DYNAMIC_NO_PIC = NO;
				GCC_PRECOMPILE_PREFIX_HEADER = YES;
				GCC_PREFIX_HEADER = "ParseStarterProject/TopFish-Prefix.pch";
				GCC_VERSION = com.apple.compilers.llvm.clang.1_0;
				INFOPLIST_FILE = "ParseStarterProject/TopFish-Info.plist";
				IPHONEOS_DEPLOYMENT_TARGET = 7.0;
				PRODUCT_NAME = TopFish;
				WRAPPER_EXTENSION = app;
			};
			name = Debug;
		};
		09ABC09013A1D52E009C3FCF /* Release */ = {
			isa = XCBuildConfiguration;
			buildSettings = {
				ALWAYS_SEARCH_USER_PATHS = NO;
				ASSETCATALOG_COMPILER_APPICON_NAME = AppIcon;
				ASSETCATALOG_COMPILER_LAUNCHIMAGE_NAME = LaunchImage;
				CLANG_ENABLE_OBJC_ARC = YES;
				CODE_SIGN_IDENTITY = "iPhone Developer";
				COPY_PHASE_STRIP = YES;
				FRAMEWORK_SEARCH_PATHS = (
					"$(inherited)",
					"\"$(SRCROOT)\"",
				);
				GCC_PRECOMPILE_PREFIX_HEADER = YES;
				GCC_PREFIX_HEADER = "ParseStarterProject/TopFish-Prefix.pch";
				GCC_VERSION = com.apple.compilers.llvm.clang.1_0;
				INFOPLIST_FILE = "ParseStarterProject/TopFish-Info.plist";
				IPHONEOS_DEPLOYMENT_TARGET = 7.0;
				PRODUCT_NAME = TopFish;
				VALIDATE_PRODUCT = YES;
				WRAPPER_EXTENSION = app;
			};
			name = Release;
		};
/* End XCBuildConfiguration section */

/* Begin XCConfigurationList section */
		09ABC06713A1D52D009C3FCF /* Build configuration list for PBXProject "TopFish" */ = {
			isa = XCConfigurationList;
			buildConfigurations = (
				09ABC08C13A1D52E009C3FCF /* Debug */,
				09ABC08D13A1D52E009C3FCF /* Release */,
			);
			defaultConfigurationIsVisible = 0;
			defaultConfigurationName = Release;
		};
		09ABC08E13A1D52E009C3FCF /* Build configuration list for PBXNativeTarget "TopFish" */ = {
			isa = XCConfigurationList;
			buildConfigurations = (
				09ABC08F13A1D52E009C3FCF /* Debug */,
				09ABC09013A1D52E009C3FCF /* Release */,
			);
			defaultConfigurationIsVisible = 0;
			defaultConfigurationName = Release;
		};
/* End XCConfigurationList section */
	};
	rootObject = 09ABC06413A1D52D009C3FCF /* Project object */;
}
